
Microsoft Visual Studio Solution File, Format Version 12.00
# Visual Studio 14
VisualStudioVersion = 14.0.25420.1
MinimumVisualStudioVersion = 10.0.40219.1
Project("{2150E333-8FDC-42A3-9474-1A3956D46DE8}") = "Accounting", "Accounting", "{7B8B1662-4CFA-4A4F-A5F2-64DA74E8EB89}"
EndProject
Project("{2150E333-8FDC-42A3-9474-1A3956D46DE8}") = "References", "References", "{EE8B7F1B-8105-42D3-8DB4-DFAB6725C86B}"
	ProjectSection(SolutionItems) = preProject
		References\Apache.NMS.ActiveMQ.dll = References\Apache.NMS.ActiveMQ.dll
		References\Apache.NMS.dll = References\Apache.NMS.dll
		References\Common.Logging.dll = References\Common.Logging.dll
		References\Common.Logging.Log4Net.dll = References\Common.Logging.Log4Net.dll
		References\Iesi.Collections.dll = References\Iesi.Collections.dll
		References\Ionic.Zlib.dll = References\Ionic.Zlib.dll
		References\LoadingCircle.dll = References\LoadingCircle.dll
		References\log4net.dll = References\log4net.dll
		References\MacroScope.dll = References\MacroScope.dll
		References\NHibernate.dll = References\NHibernate.dll
		References\NPOI.dll = References\NPOI.dll
		References\NPOI.OOXML.dll = References\NPOI.OOXML.dll
		References\NPOI.OpenXml4Net.dll = References\NPOI.OpenXml4Net.dll
		References\NPOI.OpenXmlFormats.dll = References\NPOI.OpenXmlFormats.dll
		References\Nullables.dll = References\Nullables.dll
		References\nunit.core.dll = References\nunit.core.dll
		References\nunit.core.interfaces.dll = References\nunit.core.interfaces.dll
		References\nunit.framework.dll = References\nunit.framework.dll
		References\NUnitAsp.dll = References\NUnitAsp.dll
		References\NUnitAspEx.dll = References\NUnitAspEx.dll
		References\NVelocity.dll = References\NVelocity.dll
		References\Rhino.Mocks.dll = References\Rhino.Mocks.dll
		References\Spring.Aop.dll = References\Spring.Aop.dll
		References\Spring.Core.dll = References\Spring.Core.dll
		References\Spring.Data.dll = References\Spring.Data.dll
		References\Spring.Data.NHibernate32.dll = References\Spring.Data.NHibernate32.dll
		References\Spring.Services.dll = References\Spring.Services.dll
		References\Spring.Testing.NUnit.dll = References\Spring.Testing.NUnit.dll
		References\Spring.Web.dll = References\Spring.Web.dll
		References\System.Data.SQLite.dll = References\System.Data.SQLite.dll
		References\System.Web.Extensions.dll = References\System.Web.Extensions.dll
		References\Vns.Erp.Security.dll = References\Vns.Erp.Security.dll
		References\Vns.Erp.Wcf.Client.dll = References\Vns.Erp.Wcf.Client.dll
	EndProjectSection
EndProject
Project("{2150E333-8FDC-42A3-9474-1A3956D46DE8}") = "Spa", "Spa", "{11369314-F3C9-43E1-85A2-DD5110ABE874}"
EndProject
Project("{2150E333-8FDC-42A3-9474-1A3956D46DE8}") = "Note", "Note", "{119F1173-FF41-4CA1-A403-7866F27E3FA9}"
	ProjectSection(SolutionItems) = preProject
		Note.txt = Note.txt
	EndProjectSection
EndProject
Project("{2150E333-8FDC-42A3-9474-1A3956D46DE8}") = "DevEx10", "DevEx10", "{B639DD98-E933-4C42-8DEC-D8A03E89087B}"
	ProjectSection(SolutionItems) = preProject
		References\DevEx10\DevExpress.BonusSkins.v10.2.dll = References\DevEx10\DevExpress.BonusSkins.v10.2.dll
		References\DevEx10\DevExpress.Data.v10.2.dll = References\DevEx10\DevExpress.Data.v10.2.dll
		References\DevEx10\DevExpress.OfficeSkins.v10.2.dll = References\DevEx10\DevExpress.OfficeSkins.v10.2.dll
		References\DevEx10\DevExpress.Utils.v10.2.dll = References\DevEx10\DevExpress.Utils.v10.2.dll
		References\DevEx10\DevExpress.Xpo.v10.2.Design.dll = References\DevEx10\DevExpress.Xpo.v10.2.Design.dll
		References\DevEx10\DevExpress.XtraBars.v10.2.Design.dll = References\DevEx10\DevExpress.XtraBars.v10.2.Design.dll
		References\DevEx10\DevExpress.XtraBars.v10.2.dll = References\DevEx10\DevExpress.XtraBars.v10.2.dll
		References\DevEx10\DevExpress.XtraEditors.v10.2.dll = References\DevEx10\DevExpress.XtraEditors.v10.2.dll
		References\DevEx10\DevExpress.XtraGrid.v10.2.Design.dll = References\DevEx10\DevExpress.XtraGrid.v10.2.Design.dll
		References\DevEx10\DevExpress.XtraGrid.v10.2.dll = References\DevEx10\DevExpress.XtraGrid.v10.2.dll
		References\DevEx10\DevExpress.XtraLayout.v10.2.Design.dll = References\DevEx10\DevExpress.XtraLayout.v10.2.Design.dll
		References\DevEx10\DevExpress.XtraLayout.v10.2.dll = References\DevEx10\DevExpress.XtraLayout.v10.2.dll
		References\DevEx10\DevExpress.XtraNavBar.v10.2.Design.dll = References\DevEx10\DevExpress.XtraNavBar.v10.2.Design.dll
		References\DevEx10\DevExpress.XtraNavBar.v10.2.dll = References\DevEx10\DevExpress.XtraNavBar.v10.2.dll
		References\DevEx10\DevExpress.XtraPrinting.v10.2.Design.dll = References\DevEx10\DevExpress.XtraPrinting.v10.2.Design.dll
		References\DevEx10\DevExpress.XtraPrinting.v10.2.dll = References\DevEx10\DevExpress.XtraPrinting.v10.2.dll
		References\DevEx10\DevExpress.XtraReports.v10.2.dll = References\DevEx10\DevExpress.XtraReports.v10.2.dll
		References\DevEx10\DevExpress.XtraRichEdit.v10.2.Design.dll = References\DevEx10\DevExpress.XtraRichEdit.v10.2.Design.dll
		References\DevEx10\DevExpress.XtraRichEdit.v10.2.dll = References\DevEx10\DevExpress.XtraRichEdit.v10.2.dll
		References\DevEx10\DevExpress.XtraRichEdit.v10.2.Extensions.dll = References\DevEx10\DevExpress.XtraRichEdit.v10.2.Extensions.dll
		References\DevEx10\DevExpress.XtraScheduler.v10.2.Core.dll = References\DevEx10\DevExpress.XtraScheduler.v10.2.Core.dll
		References\DevEx10\DevExpress.XtraScheduler.v10.2.Design.dll = References\DevEx10\DevExpress.XtraScheduler.v10.2.Design.dll
		References\DevEx10\DevExpress.XtraScheduler.v10.2.dll = References\DevEx10\DevExpress.XtraScheduler.v10.2.dll
		References\DevEx10\DevExpress.XtraTreeList.v10.2.Design.dll = References\DevEx10\DevExpress.XtraTreeList.v10.2.Design.dll
		References\DevEx10\DevExpress.XtraTreeList.v10.2.dll = References\DevEx10\DevExpress.XtraTreeList.v10.2.dll
		References\DevEx10\DevExpress.XtraVerticalGrid.v10.2.Design.dll = References\DevEx10\DevExpress.XtraVerticalGrid.v10.2.Design.dll
		References\DevEx10\DevExpress.XtraVerticalGrid.v10.2.dll = References\DevEx10\DevExpress.XtraVerticalGrid.v10.2.dll
	EndProjectSection
EndProject
Project("{2150E333-8FDC-42A3-9474-1A3956D46DE8}") = "Asset", "Asset", "{8FE37099-8CF1-4D49-975E-4F191765E32C}"
EndProject
Project("{2150E333-8FDC-42A3-9474-1A3956D46DE8}") = "Produce", "Produce", "{387A3F8F-0910-400E-9AB8-80D174B2E6DD}"
EndProject
Project("{2150E333-8FDC-42A3-9474-1A3956D46DE8}") = "Controls", "Controls", "{3190AEFB-20C1-4CC8-BC71-4C3DAA92BE89}"
EndProject
Project("{2150E333-8FDC-42A3-9474-1A3956D46DE8}") = "Admin", "Admin", "{154FED2B-7246-4835-A2A3-053CAB9D60BD}"
EndProject
Project("{2150E333-8FDC-42A3-9474-1A3956D46DE8}") = "Core", "Core", "{4C8C8B86-52B7-4DD3-AB07-6978CFEA4D40}"
EndProject
Project("{FAE04EC0-301F-11D3-BF4B-00C04F79EFBC}") = "Vns.Erp.Core.ClientApp.2010", "src\Core\Vns.Erp.Core.ClientApp\Vns.Erp.Core.ClientApp.2010.csproj", "{EB8C9D41-F059-4D9D-B656-390C0931FB04}"
EndProject
Project("{FAE04EC0-301F-11D3-BF4B-00C04F79EFBC}") = "Vns.Erp.Core.Service", "src\Core\Vns.Erp.Core.Service\Vns.Erp.Core.Service.csproj", "{F213FDB0-2CE0-41E6-8680-050276412F38}"
EndProject
Project("{FAE04EC0-301F-11D3-BF4B-00C04F79EFBC}") = "Vns.Erp.Core.Dao", "src\Core\Vns.Erp.Dao\Vns.Erp.Core.Dao.csproj", "{4954B581-A0CA-43C7-B3FD-274B05148BEF}"
EndProject
Project("{FAE04EC0-301F-11D3-BF4B-00C04F79EFBC}") = "Vns.Erp.Core.Dao.NHibernate", "src\Core\Vns.Erp.Dao.NHibernate\Vns.Erp.Core.Dao.NHibernate.csproj", "{4A9608F9-7C07-4672-ACA5-D81672435F62}"
EndProject
Project("{FAE04EC0-301F-11D3-BF4B-00C04F79EFBC}") = "Vns.Erp.RemoteApp.2010", "src\Core\Vns.Erp.RemoteApp\Vns.Erp.RemoteApp.2010.csproj", "{0F884F61-2BF6-4410-B6C0-A81F6E2B1E5A}"
EndProject
Project("{FAE04EC0-301F-11D3-BF4B-00C04F79EFBC}") = "Vns.Erp.Core.Admin.Domain", "src\Admin\Vns.Erp.Core.Admin.Domain\Vns.Erp.Core.Admin.Domain.csproj", "{5D8ECB2E-1739-47CD-8BEF-EFE3D3856563}"
EndProject
Project("{FAE04EC0-301F-11D3-BF4B-00C04F79EFBC}") = "Vns.Erp.Core.Admin.Dao", "src\Admin\Vns.Core.Admin.Dao\Vns.Erp.Core.Admin.Dao.csproj", "{BD3B9C3B-64F2-4046-B1A0-6C113B5E6025}"
EndProject
Project("{FAE04EC0-301F-11D3-BF4B-00C04F79EFBC}") = "Vns.Erp.Core.Admin.Service", "src\Admin\Vns.Core.Admin.Service\Vns.Erp.Core.Admin.Service.csproj", "{B1C4C1BD-E65B-4F2D-B300-0A670E1F57C6}"
EndProject
Project("{FAE04EC0-301F-11D3-BF4B-00C04F79EFBC}") = "Vns.Erp.Core.Admin.Dao.NHibernate", "src\Admin\Vns.Core.Admin.NHibernate\Vns.Erp.Core.Admin.Dao.NHibernate.csproj", "{796175DC-C46A-47D7-9B3E-A80779B2330C}"
EndProject
Project("{FAE04EC0-301F-11D3-BF4B-00C04F79EFBC}") = "Vns.Erp.Core.Domain", "src\Core\Vns.Erp.Core.Domain\Vns.Erp.Core.Domain.csproj", "{E1963453-DE64-423D-8821-5DA53E540A52}"
EndProject
Project("{F184B08F-C81C-45F6-A57F-5ABD9991F28F}") = "Vns.Erp.Core", "src\Core\Vns.Erp.Core\Vns.Erp.Core.vbproj", "{6903B6FB-C64B-47C1-807D-ABF526B1A9C3}"
EndProject
Project("{FAE04EC0-301F-11D3-BF4B-00C04F79EFBC}") = "Vns.Erp.Core.Spa.Dao", "src\Spa\Vns.Erp.Core.Spa.Dao\Vns.Erp.Core.Spa.Dao.csproj", "{41DF408B-15AF-41F1-B037-E691BC9A445B}"
EndProject
Project("{FAE04EC0-301F-11D3-BF4B-00C04F79EFBC}") = "Vns.Erp.Core.Spa.Dao.NHibernate", "src\Spa\Vns.Erp.Core.Spa.Dao.NHibernate\Vns.Erp.Core.Spa.Dao.NHibernate.csproj", "{FC96B35D-FCA4-4973-9758-00C9C909629D}"
EndProject
Project("{FAE04EC0-301F-11D3-BF4B-00C04F79EFBC}") = "Vns.Erp.Core.Spa.Service", "src\Spa\Vns.Erp.Core.Spa.Service\Vns.Erp.Core.Spa.Service.csproj", "{5C13B6EB-7D22-4CFB-8095-D04BBE5DFF96}"
EndProject
Project("{FAE04EC0-301F-11D3-BF4B-00C04F79EFBC}") = "Vns.Erp.Core.Spa.Domain", "src\Spa\Vns.Erp.Core.Spa.Domain\Vns.Erp.Core.Spa.Domain.csproj", "{BAECA76A-0A00-4006-ADC1-6658F34BD1CA}"
EndProject
Project("{FAE04EC0-301F-11D3-BF4B-00C04F79EFBC}") = "Vns.Erp.Core.Spa.Common", "src\Spa\Vns.Erp.Core.Spa.Common\Vns.Erp.Core.Spa.Common.csproj", "{3A0EBE0D-12C7-469C-BC73-A1AE2A9ED8DB}"
EndProject
Project("{F184B08F-C81C-45F6-A57F-5ABD9991F28F}") = "Vns.Erp.Core.Spa.VbSpaGUI", "src\Spa\Vns.Erp.Core.Spa.VbSpaGUI\Vns.Erp.Core.Spa.VbSpaGUI.vbproj", "{1A9017B5-3EDF-4F80-88AC-1DAB673E51B4}"
EndProject
Project("{FAE04EC0-301F-11D3-BF4B-00C04F79EFBC}") = "Vns.Erp.WcfService", "src\Core\Vns.Erp.WcfService\Vns.Erp.WcfService.csproj", "{5482BBA2-303F-4A61-A2A7-6EF300461A54}"
EndProject
Project("{F184B08F-C81C-45F6-A57F-5ABD9991F28F}") = "Vns.Main", "src\Intefaces\Vns.Main\Vns.Main.vbproj", "{4079E120-AC97-498C-B9F2-2D00F7DAF633}"
EndProject
Project("{F184B08F-C81C-45F6-A57F-5ABD9991F28F}") = "Vns.Erp.Core.Accounting.VbAccountingGUI", "src\Accounting\Vns.Erp.Core.Accounting.VbAccountingGUI\Vns.Erp.Core.Accounting.VbAccountingGUI.vbproj", "{B441437E-DD45-4969-973E-1B839A160845}"
EndProject
Project("{F184B08F-C81C-45F6-A57F-5ABD9991F28F}") = "Vns.Erp.Core.Admin.VbAdminGUI", "src\Admin\Vns.Erp.Core.Admin.VbAdminGUI\Vns.Erp.Core.Admin.VbAdminGUI.vbproj", "{676649F7-9F89-4C2F-A34C-ED5D9889957E}"
EndProject
Project("{FAE04EC0-301F-11D3-BF4B-00C04F79EFBC}") = "Vns.Erp.Core.Common.Controls", "src\Core\Vns.Erp.Core.Common.Controls\Vns.Erp.Core.Common.Controls.csproj", "{47B0F2D0-2132-495A-BA36-8744B7E4D747}"
EndProject
Project("{F184B08F-C81C-45F6-A57F-5ABD9991F28F}") = "Vns.Erp.Core.Asset.VbAssetGUI", "src\Asset\Vns.Erp.Core.Asset.VbAssetGUI\Vns.Erp.Core.Asset.VbAssetGUI.vbproj", "{7A012DD6-8E70-480B-A842-658FD58BD39C}"
EndProject
Project("{FAE04EC0-301F-11D3-BF4B-00C04F79EFBC}") = "Vns.Erp.Core.Asset.Domain", "src\Asset\Vns.Erp.Core.Asset.Domain\Vns.Erp.Core.Asset.Domain.csproj", "{5EBA40CB-468B-47B4-B118-611F9FE5E770}"
EndProject
Project("{FAE04EC0-301F-11D3-BF4B-00C04F79EFBC}") = "Vns.Erp.Core.Asset.Dao", "src\Asset\Vns.Erp.Core.Asset.Dao\Vns.Erp.Core.Asset.Dao.csproj", "{C4884187-EB36-4850-8E6E-48D7BBECF964}"
EndProject
Project("{FAE04EC0-301F-11D3-BF4B-00C04F79EFBC}") = "Vns.Erp.Core.Asset.Dao.NHibernate", "src\Asset\Vns.Erp.Core.Asset.Dao.NHibernate\Vns.Erp.Core.Asset.Dao.NHibernate.csproj", "{4B22AEA6-4505-44B4-87C7-D86A7EC3E6A6}"
EndProject
Project("{FAE04EC0-301F-11D3-BF4B-00C04F79EFBC}") = "Vns.Erp.Core.Asset.Service", "src\Asset\Vns.Erp.Core.Asset.Service\Vns.Erp.Core.Asset.Service.csproj", "{277365E5-D209-4E0F-A037-01E98A216966}"
EndProject
Project("{FAE04EC0-301F-11D3-BF4B-00C04F79EFBC}") = "Vns.Erp.Core.Asset.CsAssetGUI", "src\Asset\Vns.Erp.Core.Asset.CsAssetGUI\Vns.Erp.Core.Asset.CsAssetGUI.csproj", "{BEAC0B3B-FAD8-458B-8DC6-436A8132E43E}"
EndProject
Project("{FAE04EC0-301F-11D3-BF4B-00C04F79EFBC}") = "Vns.Erp.Core.Produce.CsProduceGUI", "src\Produce\Vns.Erp.Core.Produce.CsProduceGUI\Vns.Erp.Core.Produce.CsProduceGUI.csproj", "{2630EF1D-35BC-437C-AC43-1577EEB5E854}"
EndProject
Project("{FAE04EC0-301F-11D3-BF4B-00C04F79EFBC}") = "Vns.Erp.Core.Produce.Domain", "src\Produce\Vns.Erp.Core.Produce.Domain\Vns.Erp.Core.Produce.Domain.csproj", "{5B666884-E9D0-470B-8309-9EFED7CBD326}"
EndProject
Project("{FAE04EC0-301F-11D3-BF4B-00C04F79EFBC}") = "Vns.Erp.Core.Produce.Dao", "src\Produce\Vns.Erp.Core.Produce.Dao\Vns.Erp.Core.Produce.Dao.csproj", "{501C091E-9F75-49A7-B85E-1E77BE2B7BA6}"
EndProject
Project("{FAE04EC0-301F-11D3-BF4B-00C04F79EFBC}") = "Vns.Erp.Core.Produce.Dao.NHibernate", "src\Produce\Vns.Erp.Core.Produce.Dao.NHibernate\Vns.Erp.Core.Produce.Dao.NHibernate.csproj", "{A54F9A7E-31FA-4D71-8F42-F561738DCBA0}"
EndProject
Project("{FAE04EC0-301F-11D3-BF4B-00C04F79EFBC}") = "Vns.Erp.Core.Produce.Service", "src\Produce\Vns.Erp.Core.Produce.Service\Vns.Erp.Core.Produce.Service.csproj", "{469CA357-BC7F-46AC-9900-7E5EF8564BE0}"
EndProject
Project("{FAE04EC0-301F-11D3-BF4B-00C04F79EFBC}") = "Vns.Erp.Core.Produce.Common", "src\Produce\Vns.Erp.Core.Produce.Common\Vns.Erp.Core.Produce.Common.csproj", "{C9CBDAD2-3685-498D-B4CF-EE0114F7A4D8}"
EndProject
Project("{FAE04EC0-301F-11D3-BF4B-00C04F79EFBC}") = "Vns.Erp.Core.Controls", "src\Controls\Vns.Erp.Core.Controls\Vns.Erp.Core.Controls.csproj", "{FBC6EDB3-9A36-4E9D-9BEF-7498631CD479}"
EndProject
Project("{FAE04EC0-301F-11D3-BF4B-00C04F79EFBC}") = "Vns.Erp.Core.Accounting.CsReportGUI", "src\Accounting\Vns.Erp.Core.Accounting.CsReportGUI\Vns.Erp.Core.Accounting.CsReportGUI.csproj", "{078BF1FA-B920-4F06-876B-A18E79C5077E}"
EndProject
Project("{FAE04EC0-301F-11D3-BF4B-00C04F79EFBC}") = "Vns.Erp.UtilGUI", "src\Core\Vns.Erp.UtilGUI\Vns.Erp.UtilGUI.csproj", "{8FEBCE1A-CCDF-44AA-9B1B-87EFD311F35F}"
EndProject
Project("{FAE04EC0-301F-11D3-BF4B-00C04F79EFBC}") = "Vns.Erp.Core.Accounting.Domain", "src\Accounting\Vns.Erp.Core.Accounting.Domain\Vns.Erp.Core.Accounting.Domain.csproj", "{7258ABC1-7FA4-4369-B5D3-9DA7FAA974C5}"
EndProject
Project("{FAE04EC0-301F-11D3-BF4B-00C04F79EFBC}") = "Vns.Erp.Core.Accounting.Report.Domain", "src\Accounting\Vns.Erp.Core.Accounting.Report.Domain\Vns.Erp.Core.Accounting.Report.Domain.csproj", "{72E457B3-CC29-4B80-9103-EFCA78C2E309}"
EndProject
Project("{FAE04EC0-301F-11D3-BF4B-00C04F79EFBC}") = "Vns.Erp.Core.Accounting.Dao", "src\Accounting\Vns.Erp.Core.Accounting.Dao\Vns.Erp.Core.Accounting.Dao.csproj", "{EA173391-EAA8-4F77-ADC9-3E8C2CAF4681}"
EndProject
Project("{FAE04EC0-301F-11D3-BF4B-00C04F79EFBC}") = "Vns.Erp.Core.Accounting.Report.Dao", "src\Accounting\Vns.Erp.Core.Accounting.Report.Dao\Vns.Erp.Core.Accounting.Report.Dao.csproj", "{57B13F42-7FFD-4850-838C-767E5AC634B9}"
EndProject
Project("{FAE04EC0-301F-11D3-BF4B-00C04F79EFBC}") = "Vns.Erp.Core.Accounting.Report.Service", "src\Accounting\Vns.Erp.Core.Accounting.Report.Service\Vns.Erp.Core.Accounting.Report.Service.csproj", "{7F4A409F-ED34-45D8-98AF-E4659A7DFB0D}"
EndProject
Project("{FAE04EC0-301F-11D3-BF4B-00C04F79EFBC}") = "Vns.Erp.Core.Accounting.Service", "src\Accounting\Vns.Erp.Core.Accounting.Service\Vns.Erp.Core.Accounting.Service.csproj", "{1567F284-E659-4C44-8D1B-4EF16B969C98}"
EndProject
Project("{FAE04EC0-301F-11D3-BF4B-00C04F79EFBC}") = "Vns.Erp.Core.Accounting.Dao.NHibernate", "src\Accounting\Vns.Erp.Core.Accounting.Dao.NHibernate\Vns.Erp.Core.Accounting.Dao.NHibernate.csproj", "{931F7452-C465-46F8-8DCC-F513D15D6B20}"
EndProject
Project("{F184B08F-C81C-45F6-A57F-5ABD9991F28F}") = "Vns.Erp.Core.Accounting.Report", "src\Accounting\Vns.Erp.Core.Accounting.Report\Vns.Erp.Core.Accounting.Report.vbproj", "{DFC200E8-B8E5-4215-99A5-D75EA7E0E3CF}"
EndProject
Project("{FAE04EC0-301F-11D3-BF4B-00C04F79EFBC}") = "Vns.Erp.Core.Accounting.Report.Dao.NHibernate", "src\Accounting\Vns.Erp.Core.Accounting.Report.Dao.NHibernate\Vns.Erp.Core.Accounting.Report.Dao.NHibernate.csproj", "{5A2A350E-0F50-472A-9824-F498D35F2F10}"
EndProject
Project("{2150E333-8FDC-42A3-9474-1A3956D46DE8}") = "WebAPI", "WebAPI", "{836F1B6A-BB24-4E55-B992-817FD6A4B4A9}"
EndProject
Project("{FAE04EC0-301F-11D3-BF4B-00C04F79EFBC}") = "WebApplication1", "src\WebAPI\WebApplication1\WebApplication1.csproj", "{D6660ED8-2A22-4869-A22D-77D37668E8DB}"
EndProject
Project("{2150E333-8FDC-42A3-9474-1A3956D46DE8}") = "Syn", "Syn", "{27CB5A7D-0AF4-42E3-AB97-2AF3FE9A59F1}"
EndProject
Project("{FAE04EC0-301F-11D3-BF4B-00C04F79EFBC}") = "Vns.SynDb", "src\Syn\Vns.SynDb\Vns.SynDb.csproj", "{37343EA6-2BC5-4365-9401-B38B619B1E39}"
EndProject
Global
	GlobalSection(SolutionConfigurationPlatforms) = preSolution
		Debug|Any CPU = Debug|Any CPU
		Debug|Mixed Platforms = Debug|Mixed Platforms
		Debug|x86 = Debug|x86
		Release|Any CPU = Release|Any CPU
		Release|Mixed Platforms = Release|Mixed Platforms
		Release|x86 = Release|x86
	EndGlobalSection
	GlobalSection(ProjectConfigurationPlatforms) = postSolution
		{EB8C9D41-F059-4D9D-B656-390C0931FB04}.Debug|Any CPU.ActiveCfg = Debug|Any CPU
		{EB8C9D41-F059-4D9D-B656-390C0931FB04}.Debug|Any CPU.Build.0 = Debug|Any CPU
		{EB8C9D41-F059-4D9D-B656-390C0931FB04}.Debug|Mixed Platforms.ActiveCfg = Debug|Any CPU
		{EB8C9D41-F059-4D9D-B656-390C0931FB04}.Debug|Mixed Platforms.Build.0 = Debug|Any CPU
		{EB8C9D41-F059-4D9D-B656-390C0931FB04}.Debug|x86.ActiveCfg = Debug|Any CPU
		{EB8C9D41-F059-4D9D-B656-390C0931FB04}.Release|Any CPU.ActiveCfg = Release|Any CPU
		{EB8C9D41-F059-4D9D-B656-390C0931FB04}.Release|Any CPU.Build.0 = Release|Any CPU
		{EB8C9D41-F059-4D9D-B656-390C0931FB04}.Release|Mixed Platforms.ActiveCfg = Release|Any CPU
		{EB8C9D41-F059-4D9D-B656-390C0931FB04}.Release|Mixed Platforms.Build.0 = Release|Any CPU
		{EB8C9D41-F059-4D9D-B656-390C0931FB04}.Release|x86.ActiveCfg = Release|Any CPU
		{F213FDB0-2CE0-41E6-8680-050276412F38}.Debug|Any CPU.ActiveCfg = Debug|Any CPU
		{F213FDB0-2CE0-41E6-8680-050276412F38}.Debug|Any CPU.Build.0 = Debug|Any CPU
		{F213FDB0-2CE0-41E6-8680-050276412F38}.Debug|Mixed Platforms.ActiveCfg = Debug|Any CPU
		{F213FDB0-2CE0-41E6-8680-050276412F38}.Debug|Mixed Platforms.Build.0 = Debug|Any CPU
		{F213FDB0-2CE0-41E6-8680-050276412F38}.Debug|x86.ActiveCfg = Debug|Any CPU
		{F213FDB0-2CE0-41E6-8680-050276412F38}.Release|Any CPU.ActiveCfg = Release|Any CPU
		{F213FDB0-2CE0-41E6-8680-050276412F38}.Release|Any CPU.Build.0 = Release|Any CPU
		{F213FDB0-2CE0-41E6-8680-050276412F38}.Release|Mixed Platforms.ActiveCfg = Release|Any CPU
		{F213FDB0-2CE0-41E6-8680-050276412F38}.Release|Mixed Platforms.Build.0 = Release|Any CPU
		{F213FDB0-2CE0-41E6-8680-050276412F38}.Release|x86.ActiveCfg = Release|Any CPU
		{4954B581-A0CA-43C7-B3FD-274B05148BEF}.Debug|Any CPU.ActiveCfg = Debug|Any CPU
		{4954B581-A0CA-43C7-B3FD-274B05148BEF}.Debug|Any CPU.Build.0 = Debug|Any CPU
		{4954B581-A0CA-43C7-B3FD-274B05148BEF}.Debug|Mixed Platforms.ActiveCfg = Debug|Any CPU
		{4954B581-A0CA-43C7-B3FD-274B05148BEF}.Debug|Mixed Platforms.Build.0 = Debug|Any CPU
		{4954B581-A0CA-43C7-B3FD-274B05148BEF}.Debug|x86.ActiveCfg = Debug|Any CPU
		{4954B581-A0CA-43C7-B3FD-274B05148BEF}.Release|Any CPU.ActiveCfg = Release|Any CPU
		{4954B581-A0CA-43C7-B3FD-274B05148BEF}.Release|Any CPU.Build.0 = Release|Any CPU
		{4954B581-A0CA-43C7-B3FD-274B05148BEF}.Release|Mixed Platforms.ActiveCfg = Release|Any CPU
		{4954B581-A0CA-43C7-B3FD-274B05148BEF}.Release|Mixed Platforms.Build.0 = Release|Any CPU
		{4954B581-A0CA-43C7-B3FD-274B05148BEF}.Release|x86.ActiveCfg = Release|Any CPU
		{4A9608F9-7C07-4672-ACA5-D81672435F62}.Debug|Any CPU.ActiveCfg = Debug|Any CPU
		{4A9608F9-7C07-4672-ACA5-D81672435F62}.Debug|Any CPU.Build.0 = Debug|Any CPU
		{4A9608F9-7C07-4672-ACA5-D81672435F62}.Debug|Mixed Platforms.ActiveCfg = Debug|Any CPU
		{4A9608F9-7C07-4672-ACA5-D81672435F62}.Debug|Mixed Platforms.Build.0 = Debug|Any CPU
		{4A9608F9-7C07-4672-ACA5-D81672435F62}.Debug|x86.ActiveCfg = Debug|Any CPU
		{4A9608F9-7C07-4672-ACA5-D81672435F62}.Release|Any CPU.ActiveCfg = Release|Any CPU
		{4A9608F9-7C07-4672-ACA5-D81672435F62}.Release|Any CPU.Build.0 = Release|Any CPU
		{4A9608F9-7C07-4672-ACA5-D81672435F62}.Release|Mixed Platforms.ActiveCfg = Release|Any CPU
		{4A9608F9-7C07-4672-ACA5-D81672435F62}.Release|Mixed Platforms.Build.0 = Release|Any CPU
		{4A9608F9-7C07-4672-ACA5-D81672435F62}.Release|x86.ActiveCfg = Release|Any CPU
		{0F884F61-2BF6-4410-B6C0-A81F6E2B1E5A}.Debug|Any CPU.ActiveCfg = Debug|Any CPU
		{0F884F61-2BF6-4410-B6C0-A81F6E2B1E5A}.Debug|Any CPU.Build.0 = Debug|Any CPU
		{0F884F61-2BF6-4410-B6C0-A81F6E2B1E5A}.Debug|Mixed Platforms.ActiveCfg = Debug|Any CPU
		{0F884F61-2BF6-4410-B6C0-A81F6E2B1E5A}.Debug|Mixed Platforms.Build.0 = Debug|Any CPU
		{0F884F61-2BF6-4410-B6C0-A81F6E2B1E5A}.Debug|x86.ActiveCfg = Debug|Any CPU
		{0F884F61-2BF6-4410-B6C0-A81F6E2B1E5A}.Release|Any CPU.ActiveCfg = Release|Any CPU
		{0F884F61-2BF6-4410-B6C0-A81F6E2B1E5A}.Release|Any CPU.Build.0 = Release|Any CPU
		{0F884F61-2BF6-4410-B6C0-A81F6E2B1E5A}.Release|Mixed Platforms.ActiveCfg = Release|Any CPU
		{0F884F61-2BF6-4410-B6C0-A81F6E2B1E5A}.Release|Mixed Platforms.Build.0 = Release|Any CPU
		{0F884F61-2BF6-4410-B6C0-A81F6E2B1E5A}.Release|x86.ActiveCfg = Release|Any CPU
		{5D8ECB2E-1739-47CD-8BEF-EFE3D3856563}.Debug|Any CPU.ActiveCfg = Debug|Any CPU
		{5D8ECB2E-1739-47CD-8BEF-EFE3D3856563}.Debug|Any CPU.Build.0 = Debug|Any CPU
		{5D8ECB2E-1739-47CD-8BEF-EFE3D3856563}.Debug|Mixed Platforms.ActiveCfg = Debug|Any CPU
		{5D8ECB2E-1739-47CD-8BEF-EFE3D3856563}.Debug|Mixed Platforms.Build.0 = Debug|Any CPU
		{5D8ECB2E-1739-47CD-8BEF-EFE3D3856563}.Debug|x86.ActiveCfg = Debug|Any CPU
		{5D8ECB2E-1739-47CD-8BEF-EFE3D3856563}.Release|Any CPU.ActiveCfg = Release|Any CPU
		{5D8ECB2E-1739-47CD-8BEF-EFE3D3856563}.Release|Any CPU.Build.0 = Release|Any CPU
		{5D8ECB2E-1739-47CD-8BEF-EFE3D3856563}.Release|Mixed Platforms.ActiveCfg = Release|Any CPU
		{5D8ECB2E-1739-47CD-8BEF-EFE3D3856563}.Release|Mixed Platforms.Build.0 = Release|Any CPU
		{5D8ECB2E-1739-47CD-8BEF-EFE3D3856563}.Release|x86.ActiveCfg = Release|Any CPU
		{BD3B9C3B-64F2-4046-B1A0-6C113B5E6025}.Debug|Any CPU.ActiveCfg = Debug|Any CPU
		{BD3B9C3B-64F2-4046-B1A0-6C113B5E6025}.Debug|Any CPU.Build.0 = Debug|Any CPU
		{BD3B9C3B-64F2-4046-B1A0-6C113B5E6025}.Debug|Mixed Platforms.ActiveCfg = Debug|Any CPU
		{BD3B9C3B-64F2-4046-B1A0-6C113B5E6025}.Debug|Mixed Platforms.Build.0 = Debug|Any CPU
		{BD3B9C3B-64F2-4046-B1A0-6C113B5E6025}.Debug|x86.ActiveCfg = Debug|Any CPU
		{BD3B9C3B-64F2-4046-B1A0-6C113B5E6025}.Release|Any CPU.ActiveCfg = Release|Any CPU
		{BD3B9C3B-64F2-4046-B1A0-6C113B5E6025}.Release|Any CPU.Build.0 = Release|Any CPU
		{BD3B9C3B-64F2-4046-B1A0-6C113B5E6025}.Release|Mixed Platforms.ActiveCfg = Release|Any CPU
		{BD3B9C3B-64F2-4046-B1A0-6C113B5E6025}.Release|Mixed Platforms.Build.0 = Release|Any CPU
		{BD3B9C3B-64F2-4046-B1A0-6C113B5E6025}.Release|x86.ActiveCfg = Release|Any CPU
		{B1C4C1BD-E65B-4F2D-B300-0A670E1F57C6}.Debug|Any CPU.ActiveCfg = Debug|Any CPU
		{B1C4C1BD-E65B-4F2D-B300-0A670E1F57C6}.Debug|Any CPU.Build.0 = Debug|Any CPU
		{B1C4C1BD-E65B-4F2D-B300-0A670E1F57C6}.Debug|Mixed Platforms.ActiveCfg = Debug|Any CPU
		{B1C4C1BD-E65B-4F2D-B300-0A670E1F57C6}.Debug|Mixed Platforms.Build.0 = Debug|Any CPU
		{B1C4C1BD-E65B-4F2D-B300-0A670E1F57C6}.Debug|x86.ActiveCfg = Debug|Any CPU
		{B1C4C1BD-E65B-4F2D-B300-0A670E1F57C6}.Release|Any CPU.ActiveCfg = Release|Any CPU
		{B1C4C1BD-E65B-4F2D-B300-0A670E1F57C6}.Release|Any CPU.Build.0 = Release|Any CPU
		{B1C4C1BD-E65B-4F2D-B300-0A670E1F57C6}.Release|Mixed Platforms.ActiveCfg = Release|Any CPU
		{B1C4C1BD-E65B-4F2D-B300-0A670E1F57C6}.Release|Mixed Platforms.Build.0 = Release|Any CPU
		{B1C4C1BD-E65B-4F2D-B300-0A670E1F57C6}.Release|x86.ActiveCfg = Release|Any CPU
		{796175DC-C46A-47D7-9B3E-A80779B2330C}.Debug|Any CPU.ActiveCfg = Debug|Any CPU
		{796175DC-C46A-47D7-9B3E-A80779B2330C}.Debug|Any CPU.Build.0 = Debug|Any CPU
		{796175DC-C46A-47D7-9B3E-A80779B2330C}.Debug|Mixed Platforms.ActiveCfg = Debug|Any CPU
		{796175DC-C46A-47D7-9B3E-A80779B2330C}.Debug|Mixed Platforms.Build.0 = Debug|Any CPU
		{796175DC-C46A-47D7-9B3E-A80779B2330C}.Debug|x86.ActiveCfg = Debug|Any CPU
		{796175DC-C46A-47D7-9B3E-A80779B2330C}.Release|Any CPU.ActiveCfg = Release|Any CPU
		{796175DC-C46A-47D7-9B3E-A80779B2330C}.Release|Any CPU.Build.0 = Release|Any CPU
		{796175DC-C46A-47D7-9B3E-A80779B2330C}.Release|Mixed Platforms.ActiveCfg = Release|Any CPU
		{796175DC-C46A-47D7-9B3E-A80779B2330C}.Release|Mixed Platforms.Build.0 = Release|Any CPU
		{796175DC-C46A-47D7-9B3E-A80779B2330C}.Release|x86.ActiveCfg = Release|Any CPU
		{E1963453-DE64-423D-8821-5DA53E540A52}.Debug|Any CPU.ActiveCfg = Debug|Any CPU
		{E1963453-DE64-423D-8821-5DA53E540A52}.Debug|Any CPU.Build.0 = Debug|Any CPU
		{E1963453-DE64-423D-8821-5DA53E540A52}.Debug|Mixed Platforms.ActiveCfg = Debug|Any CPU
		{E1963453-DE64-423D-8821-5DA53E540A52}.Debug|Mixed Platforms.Build.0 = Debug|Any CPU
		{E1963453-DE64-423D-8821-5DA53E540A52}.Debug|x86.ActiveCfg = Debug|Any CPU
		{E1963453-DE64-423D-8821-5DA53E540A52}.Release|Any CPU.ActiveCfg = Release|Any CPU
		{E1963453-DE64-423D-8821-5DA53E540A52}.Release|Any CPU.Build.0 = Release|Any CPU
		{E1963453-DE64-423D-8821-5DA53E540A52}.Release|Mixed Platforms.ActiveCfg = Release|Any CPU
		{E1963453-DE64-423D-8821-5DA53E540A52}.Release|Mixed Platforms.Build.0 = Release|Any CPU
		{E1963453-DE64-423D-8821-5DA53E540A52}.Release|x86.ActiveCfg = Release|Any CPU
		{6903B6FB-C64B-47C1-807D-ABF526B1A9C3}.Debug|Any CPU.ActiveCfg = Debug|Any CPU
		{6903B6FB-C64B-47C1-807D-ABF526B1A9C3}.Debug|Any CPU.Build.0 = Debug|Any CPU
		{6903B6FB-C64B-47C1-807D-ABF526B1A9C3}.Debug|Mixed Platforms.ActiveCfg = Debug|Any CPU
		{6903B6FB-C64B-47C1-807D-ABF526B1A9C3}.Debug|Mixed Platforms.Build.0 = Debug|Any CPU
		{6903B6FB-C64B-47C1-807D-ABF526B1A9C3}.Debug|x86.ActiveCfg = Debug|Any CPU
		{6903B6FB-C64B-47C1-807D-ABF526B1A9C3}.Release|Any CPU.ActiveCfg = Release|Any CPU
		{6903B6FB-C64B-47C1-807D-ABF526B1A9C3}.Release|Any CPU.Build.0 = Release|Any CPU
		{6903B6FB-C64B-47C1-807D-ABF526B1A9C3}.Release|Mixed Platforms.ActiveCfg = Release|Any CPU
		{6903B6FB-C64B-47C1-807D-ABF526B1A9C3}.Release|Mixed Platforms.Build.0 = Release|Any CPU
		{6903B6FB-C64B-47C1-807D-ABF526B1A9C3}.Release|x86.ActiveCfg = Release|Any CPU
		{41DF408B-15AF-41F1-B037-E691BC9A445B}.Debug|Any CPU.ActiveCfg = Debug|Any CPU
		{41DF408B-15AF-41F1-B037-E691BC9A445B}.Debug|Any CPU.Build.0 = Debug|Any CPU
		{41DF408B-15AF-41F1-B037-E691BC9A445B}.Debug|Mixed Platforms.ActiveCfg = Debug|Any CPU
		{41DF408B-15AF-41F1-B037-E691BC9A445B}.Debug|Mixed Platforms.Build.0 = Debug|Any CPU
		{41DF408B-15AF-41F1-B037-E691BC9A445B}.Debug|x86.ActiveCfg = Debug|Any CPU
		{41DF408B-15AF-41F1-B037-E691BC9A445B}.Release|Any CPU.ActiveCfg = Release|Any CPU
		{41DF408B-15AF-41F1-B037-E691BC9A445B}.Release|Any CPU.Build.0 = Release|Any CPU
		{41DF408B-15AF-41F1-B037-E691BC9A445B}.Release|Mixed Platforms.ActiveCfg = Release|Any CPU
		{41DF408B-15AF-41F1-B037-E691BC9A445B}.Release|Mixed Platforms.Build.0 = Release|Any CPU
		{41DF408B-15AF-41F1-B037-E691BC9A445B}.Release|x86.ActiveCfg = Release|Any CPU
		{FC96B35D-FCA4-4973-9758-00C9C909629D}.Debug|Any CPU.ActiveCfg = Debug|Any CPU
		{FC96B35D-FCA4-4973-9758-00C9C909629D}.Debug|Any CPU.Build.0 = Debug|Any CPU
		{FC96B35D-FCA4-4973-9758-00C9C909629D}.Debug|Mixed Platforms.ActiveCfg = Debug|Any CPU
		{FC96B35D-FCA4-4973-9758-00C9C909629D}.Debug|Mixed Platforms.Build.0 = Debug|Any CPU
		{FC96B35D-FCA4-4973-9758-00C9C909629D}.Debug|x86.ActiveCfg = Debug|Any CPU
		{FC96B35D-FCA4-4973-9758-00C9C909629D}.Release|Any CPU.ActiveCfg = Release|Any CPU
		{FC96B35D-FCA4-4973-9758-00C9C909629D}.Release|Any CPU.Build.0 = Release|Any CPU
		{FC96B35D-FCA4-4973-9758-00C9C909629D}.Release|Mixed Platforms.ActiveCfg = Release|Any CPU
		{FC96B35D-FCA4-4973-9758-00C9C909629D}.Release|Mixed Platforms.Build.0 = Release|Any CPU
		{FC96B35D-FCA4-4973-9758-00C9C909629D}.Release|x86.ActiveCfg = Release|Any CPU
		{5C13B6EB-7D22-4CFB-8095-D04BBE5DFF96}.Debug|Any CPU.ActiveCfg = Debug|Any CPU
		{5C13B6EB-7D22-4CFB-8095-D04BBE5DFF96}.Debug|Any CPU.Build.0 = Debug|Any CPU
		{5C13B6EB-7D22-4CFB-8095-D04BBE5DFF96}.Debug|Mixed Platforms.ActiveCfg = Debug|Any CPU
		{5C13B6EB-7D22-4CFB-8095-D04BBE5DFF96}.Debug|Mixed Platforms.Build.0 = Debug|Any CPU
		{5C13B6EB-7D22-4CFB-8095-D04BBE5DFF96}.Debug|x86.ActiveCfg = Debug|Any CPU
		{5C13B6EB-7D22-4CFB-8095-D04BBE5DFF96}.Release|Any CPU.ActiveCfg = Release|Any CPU
		{5C13B6EB-7D22-4CFB-8095-D04BBE5DFF96}.Release|Any CPU.Build.0 = Release|Any CPU
		{5C13B6EB-7D22-4CFB-8095-D04BBE5DFF96}.Release|Mixed Platforms.ActiveCfg = Release|Any CPU
		{5C13B6EB-7D22-4CFB-8095-D04BBE5DFF96}.Release|Mixed Platforms.Build.0 = Release|Any CPU
		{5C13B6EB-7D22-4CFB-8095-D04BBE5DFF96}.Release|x86.ActiveCfg = Release|Any CPU
		{BAECA76A-0A00-4006-ADC1-6658F34BD1CA}.Debug|Any CPU.ActiveCfg = Debug|Any CPU
		{BAECA76A-0A00-4006-ADC1-6658F34BD1CA}.Debug|Any CPU.Build.0 = Debug|Any CPU
		{BAECA76A-0A00-4006-ADC1-6658F34BD1CA}.Debug|Mixed Platforms.ActiveCfg = Debug|Any CPU
		{BAECA76A-0A00-4006-ADC1-6658F34BD1CA}.Debug|Mixed Platforms.Build.0 = Debug|Any CPU
		{BAECA76A-0A00-4006-ADC1-6658F34BD1CA}.Debug|x86.ActiveCfg = Debug|Any CPU
		{BAECA76A-0A00-4006-ADC1-6658F34BD1CA}.Release|Any CPU.ActiveCfg = Release|Any CPU
		{BAECA76A-0A00-4006-ADC1-6658F34BD1CA}.Release|Any CPU.Build.0 = Release|Any CPU
		{BAECA76A-0A00-4006-ADC1-6658F34BD1CA}.Release|Mixed Platforms.ActiveCfg = Release|Any CPU
		{BAECA76A-0A00-4006-ADC1-6658F34BD1CA}.Release|Mixed Platforms.Build.0 = Release|Any CPU
		{BAECA76A-0A00-4006-ADC1-6658F34BD1CA}.Release|x86.ActiveCfg = Release|Any CPU
		{3A0EBE0D-12C7-469C-BC73-A1AE2A9ED8DB}.Debug|Any CPU.ActiveCfg = Debug|Any CPU
		{3A0EBE0D-12C7-469C-BC73-A1AE2A9ED8DB}.Debug|Any CPU.Build.0 = Debug|Any CPU
		{3A0EBE0D-12C7-469C-BC73-A1AE2A9ED8DB}.Debug|Mixed Platforms.ActiveCfg = Debug|Any CPU
		{3A0EBE0D-12C7-469C-BC73-A1AE2A9ED8DB}.Debug|Mixed Platforms.Build.0 = Debug|Any CPU
		{3A0EBE0D-12C7-469C-BC73-A1AE2A9ED8DB}.Debug|x86.ActiveCfg = Debug|Any CPU
		{3A0EBE0D-12C7-469C-BC73-A1AE2A9ED8DB}.Release|Any CPU.ActiveCfg = Release|Any CPU
		{3A0EBE0D-12C7-469C-BC73-A1AE2A9ED8DB}.Release|Any CPU.Build.0 = Release|Any CPU
		{3A0EBE0D-12C7-469C-BC73-A1AE2A9ED8DB}.Release|Mixed Platforms.ActiveCfg = Release|Any CPU
		{3A0EBE0D-12C7-469C-BC73-A1AE2A9ED8DB}.Release|Mixed Platforms.Build.0 = Release|Any CPU
		{3A0EBE0D-12C7-469C-BC73-A1AE2A9ED8DB}.Release|x86.ActiveCfg = Release|Any CPU
		{1A9017B5-3EDF-4F80-88AC-1DAB673E51B4}.Debug|Any CPU.ActiveCfg = Debug|x86
		{1A9017B5-3EDF-4F80-88AC-1DAB673E51B4}.Debug|Mixed Platforms.ActiveCfg = Debug|x86
		{1A9017B5-3EDF-4F80-88AC-1DAB673E51B4}.Debug|Mixed Platforms.Build.0 = Debug|x86
		{1A9017B5-3EDF-4F80-88AC-1DAB673E51B4}.Debug|x86.ActiveCfg = Debug|x86
		{1A9017B5-3EDF-4F80-88AC-1DAB673E51B4}.Debug|x86.Build.0 = Debug|x86
		{1A9017B5-3EDF-4F80-88AC-1DAB673E51B4}.Release|Any CPU.ActiveCfg = Release|x86
		{1A9017B5-3EDF-4F80-88AC-1DAB673E51B4}.Release|Mixed Platforms.ActiveCfg = Release|x86
		{1A9017B5-3EDF-4F80-88AC-1DAB673E51B4}.Release|Mixed Platforms.Build.0 = Release|x86
		{1A9017B5-3EDF-4F80-88AC-1DAB673E51B4}.Release|x86.ActiveCfg = Release|x86
		{1A9017B5-3EDF-4F80-88AC-1DAB673E51B4}.Release|x86.Build.0 = Release|x86
		{5482BBA2-303F-4A61-A2A7-6EF300461A54}.Debug|Any CPU.ActiveCfg = Debug|Any CPU
		{5482BBA2-303F-4A61-A2A7-6EF300461A54}.Debug|Any CPU.Build.0 = Debug|Any CPU
		{5482BBA2-303F-4A61-A2A7-6EF300461A54}.Debug|Mixed Platforms.ActiveCfg = Debug|Any CPU
		{5482BBA2-303F-4A61-A2A7-6EF300461A54}.Debug|Mixed Platforms.Build.0 = Debug|Any CPU
		{5482BBA2-303F-4A61-A2A7-6EF300461A54}.Debug|x86.ActiveCfg = Debug|Any CPU
		{5482BBA2-303F-4A61-A2A7-6EF300461A54}.Release|Any CPU.ActiveCfg = Release|Any CPU
		{5482BBA2-303F-4A61-A2A7-6EF300461A54}.Release|Any CPU.Build.0 = Release|Any CPU
		{5482BBA2-303F-4A61-A2A7-6EF300461A54}.Release|Mixed Platforms.ActiveCfg = Release|Any CPU
		{5482BBA2-303F-4A61-A2A7-6EF300461A54}.Release|Mixed Platforms.Build.0 = Release|Any CPU
		{5482BBA2-303F-4A61-A2A7-6EF300461A54}.Release|x86.ActiveCfg = Release|Any CPU
		{4079E120-AC97-498C-B9F2-2D00F7DAF633}.Debug|Any CPU.ActiveCfg = Debug|x86
		{4079E120-AC97-498C-B9F2-2D00F7DAF633}.Debug|Mixed Platforms.ActiveCfg = Debug|x86
		{4079E120-AC97-498C-B9F2-2D00F7DAF633}.Debug|Mixed Platforms.Build.0 = Debug|x86
		{4079E120-AC97-498C-B9F2-2D00F7DAF633}.Debug|x86.ActiveCfg = Debug|x86
		{4079E120-AC97-498C-B9F2-2D00F7DAF633}.Debug|x86.Build.0 = Debug|x86
		{4079E120-AC97-498C-B9F2-2D00F7DAF633}.Release|Any CPU.ActiveCfg = Release|x86
		{4079E120-AC97-498C-B9F2-2D00F7DAF633}.Release|Mixed Platforms.ActiveCfg = Release|x86
		{4079E120-AC97-498C-B9F2-2D00F7DAF633}.Release|Mixed Platforms.Build.0 = Release|x86
		{4079E120-AC97-498C-B9F2-2D00F7DAF633}.Release|x86.ActiveCfg = Release|x86
		{4079E120-AC97-498C-B9F2-2D00F7DAF633}.Release|x86.Build.0 = Release|x86
		{B441437E-DD45-4969-973E-1B839A160845}.Debug|Any CPU.ActiveCfg = Debug|x86
		{B441437E-DD45-4969-973E-1B839A160845}.Debug|Mixed Platforms.ActiveCfg = Debug|x86
		{B441437E-DD45-4969-973E-1B839A160845}.Debug|Mixed Platforms.Build.0 = Debug|x86
		{B441437E-DD45-4969-973E-1B839A160845}.Debug|x86.ActiveCfg = Debug|x86
		{B441437E-DD45-4969-973E-1B839A160845}.Debug|x86.Build.0 = Debug|x86
		{B441437E-DD45-4969-973E-1B839A160845}.Release|Any CPU.ActiveCfg = Release|x86
		{B441437E-DD45-4969-973E-1B839A160845}.Release|Mixed Platforms.ActiveCfg = Release|x86
		{B441437E-DD45-4969-973E-1B839A160845}.Release|Mixed Platforms.Build.0 = Release|x86
		{B441437E-DD45-4969-973E-1B839A160845}.Release|x86.ActiveCfg = Release|x86
		{B441437E-DD45-4969-973E-1B839A160845}.Release|x86.Build.0 = Release|x86
		{676649F7-9F89-4C2F-A34C-ED5D9889957E}.Debug|Any CPU.ActiveCfg = Debug|x86
		{676649F7-9F89-4C2F-A34C-ED5D9889957E}.Debug|Mixed Platforms.ActiveCfg = Debug|x86
		{676649F7-9F89-4C2F-A34C-ED5D9889957E}.Debug|Mixed Platforms.Build.0 = Debug|x86
		{676649F7-9F89-4C2F-A34C-ED5D9889957E}.Debug|x86.ActiveCfg = Debug|x86
		{676649F7-9F89-4C2F-A34C-ED5D9889957E}.Debug|x86.Build.0 = Debug|x86
		{676649F7-9F89-4C2F-A34C-ED5D9889957E}.Release|Any CPU.ActiveCfg = Release|x86
		{676649F7-9F89-4C2F-A34C-ED5D9889957E}.Release|Mixed Platforms.ActiveCfg = Release|x86
		{676649F7-9F89-4C2F-A34C-ED5D9889957E}.Release|Mixed Platforms.Build.0 = Release|x86
		{676649F7-9F89-4C2F-A34C-ED5D9889957E}.Release|x86.ActiveCfg = Release|x86
		{676649F7-9F89-4C2F-A34C-ED5D9889957E}.Release|x86.Build.0 = Release|x86
		{47B0F2D0-2132-495A-BA36-8744B7E4D747}.Debug|Any CPU.ActiveCfg = Debug|Any CPU
		{47B0F2D0-2132-495A-BA36-8744B7E4D747}.Debug|Any CPU.Build.0 = Debug|Any CPU
		{47B0F2D0-2132-495A-BA36-8744B7E4D747}.Debug|Mixed Platforms.ActiveCfg = Debug|Any CPU
		{47B0F2D0-2132-495A-BA36-8744B7E4D747}.Debug|Mixed Platforms.Build.0 = Debug|Any CPU
		{47B0F2D0-2132-495A-BA36-8744B7E4D747}.Debug|x86.ActiveCfg = Debug|Any CPU
		{47B0F2D0-2132-495A-BA36-8744B7E4D747}.Release|Any CPU.ActiveCfg = Release|Any CPU
		{47B0F2D0-2132-495A-BA36-8744B7E4D747}.Release|Any CPU.Build.0 = Release|Any CPU
		{47B0F2D0-2132-495A-BA36-8744B7E4D747}.Release|Mixed Platforms.ActiveCfg = Release|Any CPU
		{47B0F2D0-2132-495A-BA36-8744B7E4D747}.Release|Mixed Platforms.Build.0 = Release|Any CPU
		{47B0F2D0-2132-495A-BA36-8744B7E4D747}.Release|x86.ActiveCfg = Release|Any CPU
		{7A012DD6-8E70-480B-A842-658FD58BD39C}.Debug|Any CPU.ActiveCfg = Debug|x86
		{7A012DD6-8E70-480B-A842-658FD58BD39C}.Debug|Mixed Platforms.ActiveCfg = Debug|x86
		{7A012DD6-8E70-480B-A842-658FD58BD39C}.Debug|Mixed Platforms.Build.0 = Debug|x86
		{7A012DD6-8E70-480B-A842-658FD58BD39C}.Debug|x86.ActiveCfg = Debug|x86
		{7A012DD6-8E70-480B-A842-658FD58BD39C}.Debug|x86.Build.0 = Debug|x86
		{7A012DD6-8E70-480B-A842-658FD58BD39C}.Release|Any CPU.ActiveCfg = Release|x86
		{7A012DD6-8E70-480B-A842-658FD58BD39C}.Release|Mixed Platforms.ActiveCfg = Release|x86
		{7A012DD6-8E70-480B-A842-658FD58BD39C}.Release|Mixed Platforms.Build.0 = Release|x86
		{7A012DD6-8E70-480B-A842-658FD58BD39C}.Release|x86.ActiveCfg = Release|x86
		{7A012DD6-8E70-480B-A842-658FD58BD39C}.Release|x86.Build.0 = Release|x86
		{5EBA40CB-468B-47B4-B118-611F9FE5E770}.Debug|Any CPU.ActiveCfg = Debug|Any CPU
		{5EBA40CB-468B-47B4-B118-611F9FE5E770}.Debug|Any CPU.Build.0 = Debug|Any CPU
		{5EBA40CB-468B-47B4-B118-611F9FE5E770}.Debug|Mixed Platforms.ActiveCfg = Debug|Any CPU
		{5EBA40CB-468B-47B4-B118-611F9FE5E770}.Debug|Mixed Platforms.Build.0 = Debug|Any CPU
		{5EBA40CB-468B-47B4-B118-611F9FE5E770}.Debug|x86.ActiveCfg = Debug|Any CPU
		{5EBA40CB-468B-47B4-B118-611F9FE5E770}.Release|Any CPU.ActiveCfg = Release|Any CPU
		{5EBA40CB-468B-47B4-B118-611F9FE5E770}.Release|Any CPU.Build.0 = Release|Any CPU
		{5EBA40CB-468B-47B4-B118-611F9FE5E770}.Release|Mixed Platforms.ActiveCfg = Release|Any CPU
		{5EBA40CB-468B-47B4-B118-611F9FE5E770}.Release|Mixed Platforms.Build.0 = Release|Any CPU
		{5EBA40CB-468B-47B4-B118-611F9FE5E770}.Release|x86.ActiveCfg = Release|Any CPU
		{C4884187-EB36-4850-8E6E-48D7BBECF964}.Debug|Any CPU.ActiveCfg = Debug|Any CPU
		{C4884187-EB36-4850-8E6E-48D7BBECF964}.Debug|Any CPU.Build.0 = Debug|Any CPU
		{C4884187-EB36-4850-8E6E-48D7BBECF964}.Debug|Mixed Platforms.ActiveCfg = Debug|Any CPU
		{C4884187-EB36-4850-8E6E-48D7BBECF964}.Debug|Mixed Platforms.Build.0 = Debug|Any CPU
		{C4884187-EB36-4850-8E6E-48D7BBECF964}.Debug|x86.ActiveCfg = Debug|Any CPU
		{C4884187-EB36-4850-8E6E-48D7BBECF964}.Release|Any CPU.ActiveCfg = Release|Any CPU
		{C4884187-EB36-4850-8E6E-48D7BBECF964}.Release|Any CPU.Build.0 = Release|Any CPU
		{C4884187-EB36-4850-8E6E-48D7BBECF964}.Release|Mixed Platforms.ActiveCfg = Release|Any CPU
		{C4884187-EB36-4850-8E6E-48D7BBECF964}.Release|Mixed Platforms.Build.0 = Release|Any CPU
		{C4884187-EB36-4850-8E6E-48D7BBECF964}.Release|x86.ActiveCfg = Release|Any CPU
		{4B22AEA6-4505-44B4-87C7-D86A7EC3E6A6}.Debug|Any CPU.ActiveCfg = Debug|Any CPU
		{4B22AEA6-4505-44B4-87C7-D86A7EC3E6A6}.Debug|Any CPU.Build.0 = Debug|Any CPU
		{4B22AEA6-4505-44B4-87C7-D86A7EC3E6A6}.Debug|Mixed Platforms.ActiveCfg = Debug|Any CPU
		{4B22AEA6-4505-44B4-87C7-D86A7EC3E6A6}.Debug|Mixed Platforms.Build.0 = Debug|Any CPU
		{4B22AEA6-4505-44B4-87C7-D86A7EC3E6A6}.Debug|x86.ActiveCfg = Debug|Any CPU
		{4B22AEA6-4505-44B4-87C7-D86A7EC3E6A6}.Release|Any CPU.ActiveCfg = Release|Any CPU
		{4B22AEA6-4505-44B4-87C7-D86A7EC3E6A6}.Release|Any CPU.Build.0 = Release|Any CPU
		{4B22AEA6-4505-44B4-87C7-D86A7EC3E6A6}.Release|Mixed Platforms.ActiveCfg = Release|Any CPU
		{4B22AEA6-4505-44B4-87C7-D86A7EC3E6A6}.Release|Mixed Platforms.Build.0 = Release|Any CPU
		{4B22AEA6-4505-44B4-87C7-D86A7EC3E6A6}.Release|x86.ActiveCfg = Release|Any CPU
		{277365E5-D209-4E0F-A037-01E98A216966}.Debug|Any CPU.ActiveCfg = Debug|Any CPU
		{277365E5-D209-4E0F-A037-01E98A216966}.Debug|Any CPU.Build.0 = Debug|Any CPU
		{277365E5-D209-4E0F-A037-01E98A216966}.Debug|Mixed Platforms.ActiveCfg = Debug|Any CPU
		{277365E5-D209-4E0F-A037-01E98A216966}.Debug|Mixed Platforms.Build.0 = Debug|Any CPU
		{277365E5-D209-4E0F-A037-01E98A216966}.Debug|x86.ActiveCfg = Debug|Any CPU
		{277365E5-D209-4E0F-A037-01E98A216966}.Release|Any CPU.ActiveCfg = Release|Any CPU
		{277365E5-D209-4E0F-A037-01E98A216966}.Release|Any CPU.Build.0 = Release|Any CPU
		{277365E5-D209-4E0F-A037-01E98A216966}.Release|Mixed Platforms.ActiveCfg = Release|Any CPU
		{277365E5-D209-4E0F-A037-01E98A216966}.Release|Mixed Platforms.Build.0 = Release|Any CPU
		{277365E5-D209-4E0F-A037-01E98A216966}.Release|x86.ActiveCfg = Release|Any CPU
		{BEAC0B3B-FAD8-458B-8DC6-436A8132E43E}.Debug|Any CPU.ActiveCfg = Debug|x86
		{BEAC0B3B-FAD8-458B-8DC6-436A8132E43E}.Debug|Mixed Platforms.ActiveCfg = Debug|x86
		{BEAC0B3B-FAD8-458B-8DC6-436A8132E43E}.Debug|Mixed Platforms.Build.0 = Debug|x86
		{BEAC0B3B-FAD8-458B-8DC6-436A8132E43E}.Debug|x86.ActiveCfg = Debug|x86
		{BEAC0B3B-FAD8-458B-8DC6-436A8132E43E}.Debug|x86.Build.0 = Debug|x86
		{BEAC0B3B-FAD8-458B-8DC6-436A8132E43E}.Release|Any CPU.ActiveCfg = Release|x86
		{BEAC0B3B-FAD8-458B-8DC6-436A8132E43E}.Release|Mixed Platforms.ActiveCfg = Release|x86
		{BEAC0B3B-FAD8-458B-8DC6-436A8132E43E}.Release|Mixed Platforms.Build.0 = Release|x86
		{BEAC0B3B-FAD8-458B-8DC6-436A8132E43E}.Release|x86.ActiveCfg = Release|x86
		{BEAC0B3B-FAD8-458B-8DC6-436A8132E43E}.Release|x86.Build.0 = Release|x86
		{2630EF1D-35BC-437C-AC43-1577EEB5E854}.Debug|Any CPU.ActiveCfg = Debug|x86
		{2630EF1D-35BC-437C-AC43-1577EEB5E854}.Debug|Mixed Platforms.ActiveCfg = Debug|x86
		{2630EF1D-35BC-437C-AC43-1577EEB5E854}.Debug|Mixed Platforms.Build.0 = Debug|x86
		{2630EF1D-35BC-437C-AC43-1577EEB5E854}.Debug|x86.ActiveCfg = Debug|x86
		{2630EF1D-35BC-437C-AC43-1577EEB5E854}.Debug|x86.Build.0 = Debug|x86
		{2630EF1D-35BC-437C-AC43-1577EEB5E854}.Release|Any CPU.ActiveCfg = Release|x86
		{2630EF1D-35BC-437C-AC43-1577EEB5E854}.Release|Mixed Platforms.ActiveCfg = Release|x86
		{2630EF1D-35BC-437C-AC43-1577EEB5E854}.Release|Mixed Platforms.Build.0 = Release|x86
		{2630EF1D-35BC-437C-AC43-1577EEB5E854}.Release|x86.ActiveCfg = Release|x86
		{2630EF1D-35BC-437C-AC43-1577EEB5E854}.Release|x86.Build.0 = Release|x86
		{5B666884-E9D0-470B-8309-9EFED7CBD326}.Debug|Any CPU.ActiveCfg = Debug|Any CPU
		{5B666884-E9D0-470B-8309-9EFED7CBD326}.Debug|Any CPU.Build.0 = Debug|Any CPU
		{5B666884-E9D0-470B-8309-9EFED7CBD326}.Debug|Mixed Platforms.ActiveCfg = Debug|Any CPU
		{5B666884-E9D0-470B-8309-9EFED7CBD326}.Debug|Mixed Platforms.Build.0 = Debug|Any CPU
		{5B666884-E9D0-470B-8309-9EFED7CBD326}.Debug|x86.ActiveCfg = Debug|Any CPU
		{5B666884-E9D0-470B-8309-9EFED7CBD326}.Release|Any CPU.ActiveCfg = Release|Any CPU
		{5B666884-E9D0-470B-8309-9EFED7CBD326}.Release|Any CPU.Build.0 = Release|Any CPU
		{5B666884-E9D0-470B-8309-9EFED7CBD326}.Release|Mixed Platforms.ActiveCfg = Release|Any CPU
		{5B666884-E9D0-470B-8309-9EFED7CBD326}.Release|Mixed Platforms.Build.0 = Release|Any CPU
		{5B666884-E9D0-470B-8309-9EFED7CBD326}.Release|x86.ActiveCfg = Release|Any CPU
		{501C091E-9F75-49A7-B85E-1E77BE2B7BA6}.Debug|Any CPU.ActiveCfg = Debug|Any CPU
		{501C091E-9F75-49A7-B85E-1E77BE2B7BA6}.Debug|Any CPU.Build.0 = Debug|Any CPU
		{501C091E-9F75-49A7-B85E-1E77BE2B7BA6}.Debug|Mixed Platforms.ActiveCfg = Debug|Any CPU
		{501C091E-9F75-49A7-B85E-1E77BE2B7BA6}.Debug|Mixed Platforms.Build.0 = Debug|Any CPU
		{501C091E-9F75-49A7-B85E-1E77BE2B7BA6}.Debug|x86.ActiveCfg = Debug|Any CPU
		{501C091E-9F75-49A7-B85E-1E77BE2B7BA6}.Release|Any CPU.ActiveCfg = Release|Any CPU
		{501C091E-9F75-49A7-B85E-1E77BE2B7BA6}.Release|Any CPU.Build.0 = Release|Any CPU
		{501C091E-9F75-49A7-B85E-1E77BE2B7BA6}.Release|Mixed Platforms.ActiveCfg = Release|Any CPU
		{501C091E-9F75-49A7-B85E-1E77BE2B7BA6}.Release|Mixed Platforms.Build.0 = Release|Any CPU
		{501C091E-9F75-49A7-B85E-1E77BE2B7BA6}.Release|x86.ActiveCfg = Release|Any CPU
		{A54F9A7E-31FA-4D71-8F42-F561738DCBA0}.Debug|Any CPU.ActiveCfg = Debug|Any CPU
		{A54F9A7E-31FA-4D71-8F42-F561738DCBA0}.Debug|Any CPU.Build.0 = Debug|Any CPU
		{A54F9A7E-31FA-4D71-8F42-F561738DCBA0}.Debug|Mixed Platforms.ActiveCfg = Debug|Any CPU
		{A54F9A7E-31FA-4D71-8F42-F561738DCBA0}.Debug|Mixed Platforms.Build.0 = Debug|Any CPU
		{A54F9A7E-31FA-4D71-8F42-F561738DCBA0}.Debug|x86.ActiveCfg = Debug|Any CPU
		{A54F9A7E-31FA-4D71-8F42-F561738DCBA0}.Release|Any CPU.ActiveCfg = Release|Any CPU
		{A54F9A7E-31FA-4D71-8F42-F561738DCBA0}.Release|Any CPU.Build.0 = Release|Any CPU
		{A54F9A7E-31FA-4D71-8F42-F561738DCBA0}.Release|Mixed Platforms.ActiveCfg = Release|Any CPU
		{A54F9A7E-31FA-4D71-8F42-F561738DCBA0}.Release|Mixed Platforms.Build.0 = Release|Any CPU
		{A54F9A7E-31FA-4D71-8F42-F561738DCBA0}.Release|x86.ActiveCfg = Release|Any CPU
		{469CA357-BC7F-46AC-9900-7E5EF8564BE0}.Debug|Any CPU.ActiveCfg = Debug|Any CPU
		{469CA357-BC7F-46AC-9900-7E5EF8564BE0}.Debug|Any CPU.Build.0 = Debug|Any CPU
		{469CA357-BC7F-46AC-9900-7E5EF8564BE0}.Debug|Mixed Platforms.ActiveCfg = Debug|Any CPU
		{469CA357-BC7F-46AC-9900-7E5EF8564BE0}.Debug|Mixed Platforms.Build.0 = Debug|Any CPU
		{469CA357-BC7F-46AC-9900-7E5EF8564BE0}.Debug|x86.ActiveCfg = Debug|Any CPU
		{469CA357-BC7F-46AC-9900-7E5EF8564BE0}.Release|Any CPU.ActiveCfg = Release|Any CPU
		{469CA357-BC7F-46AC-9900-7E5EF8564BE0}.Release|Any CPU.Build.0 = Release|Any CPU
		{469CA357-BC7F-46AC-9900-7E5EF8564BE0}.Release|Mixed Platforms.ActiveCfg = Release|Any CPU
		{469CA357-BC7F-46AC-9900-7E5EF8564BE0}.Release|Mixed Platforms.Build.0 = Release|Any CPU
		{469CA357-BC7F-46AC-9900-7E5EF8564BE0}.Release|x86.ActiveCfg = Release|Any CPU
		{C9CBDAD2-3685-498D-B4CF-EE0114F7A4D8}.Debug|Any CPU.ActiveCfg = Debug|Any CPU
		{C9CBDAD2-3685-498D-B4CF-EE0114F7A4D8}.Debug|Any CPU.Build.0 = Debug|Any CPU
		{C9CBDAD2-3685-498D-B4CF-EE0114F7A4D8}.Debug|Mixed Platforms.ActiveCfg = Debug|Any CPU
		{C9CBDAD2-3685-498D-B4CF-EE0114F7A4D8}.Debug|Mixed Platforms.Build.0 = Debug|Any CPU
		{C9CBDAD2-3685-498D-B4CF-EE0114F7A4D8}.Debug|x86.ActiveCfg = Debug|Any CPU
		{C9CBDAD2-3685-498D-B4CF-EE0114F7A4D8}.Release|Any CPU.ActiveCfg = Release|Any CPU
		{C9CBDAD2-3685-498D-B4CF-EE0114F7A4D8}.Release|Any CPU.Build.0 = Release|Any CPU
		{C9CBDAD2-3685-498D-B4CF-EE0114F7A4D8}.Release|Mixed Platforms.ActiveCfg = Release|Any CPU
		{C9CBDAD2-3685-498D-B4CF-EE0114F7A4D8}.Release|Mixed Platforms.Build.0 = Release|Any CPU
		{C9CBDAD2-3685-498D-B4CF-EE0114F7A4D8}.Release|x86.ActiveCfg = Release|Any CPU
		{FBC6EDB3-9A36-4E9D-9BEF-7498631CD479}.Debug|Any CPU.ActiveCfg = Debug|x86
		{FBC6EDB3-9A36-4E9D-9BEF-7498631CD479}.Debug|Mixed Platforms.ActiveCfg = Debug|x86
		{FBC6EDB3-9A36-4E9D-9BEF-7498631CD479}.Debug|Mixed Platforms.Build.0 = Debug|x86
		{FBC6EDB3-9A36-4E9D-9BEF-7498631CD479}.Debug|x86.ActiveCfg = Debug|x86
		{FBC6EDB3-9A36-4E9D-9BEF-7498631CD479}.Debug|x86.Build.0 = Debug|x86
		{FBC6EDB3-9A36-4E9D-9BEF-7498631CD479}.Release|Any CPU.ActiveCfg = Release|x86
		{FBC6EDB3-9A36-4E9D-9BEF-7498631CD479}.Release|Mixed Platforms.ActiveCfg = Release|x86
		{FBC6EDB3-9A36-4E9D-9BEF-7498631CD479}.Release|Mixed Platforms.Build.0 = Release|x86
		{FBC6EDB3-9A36-4E9D-9BEF-7498631CD479}.Release|x86.ActiveCfg = Release|x86
		{FBC6EDB3-9A36-4E9D-9BEF-7498631CD479}.Release|x86.Build.0 = Release|x86
		{078BF1FA-B920-4F06-876B-A18E79C5077E}.Debug|Any CPU.ActiveCfg = Debug|x86
		{078BF1FA-B920-4F06-876B-A18E79C5077E}.Debug|Mixed Platforms.ActiveCfg = Debug|x86
		{078BF1FA-B920-4F06-876B-A18E79C5077E}.Debug|Mixed Platforms.Build.0 = Debug|x86
		{078BF1FA-B920-4F06-876B-A18E79C5077E}.Debug|x86.ActiveCfg = Debug|x86
		{078BF1FA-B920-4F06-876B-A18E79C5077E}.Debug|x86.Build.0 = Debug|x86
		{078BF1FA-B920-4F06-876B-A18E79C5077E}.Release|Any CPU.ActiveCfg = Release|x86
		{078BF1FA-B920-4F06-876B-A18E79C5077E}.Release|Mixed Platforms.ActiveCfg = Release|x86
		{078BF1FA-B920-4F06-876B-A18E79C5077E}.Release|Mixed Platforms.Build.0 = Release|x86
		{078BF1FA-B920-4F06-876B-A18E79C5077E}.Release|x86.ActiveCfg = Release|x86
		{078BF1FA-B920-4F06-876B-A18E79C5077E}.Release|x86.Build.0 = Release|x86
		{8FEBCE1A-CCDF-44AA-9B1B-87EFD311F35F}.Debug|Any CPU.ActiveCfg = Debug|x86
		{8FEBCE1A-CCDF-44AA-9B1B-87EFD311F35F}.Debug|Mixed Platforms.ActiveCfg = Debug|x86
		{8FEBCE1A-CCDF-44AA-9B1B-87EFD311F35F}.Debug|Mixed Platforms.Build.0 = Debug|x86
		{8FEBCE1A-CCDF-44AA-9B1B-87EFD311F35F}.Debug|x86.ActiveCfg = Debug|x86
		{8FEBCE1A-CCDF-44AA-9B1B-87EFD311F35F}.Debug|x86.Build.0 = Debug|x86
		{8FEBCE1A-CCDF-44AA-9B1B-87EFD311F35F}.Release|Any CPU.ActiveCfg = Release|x86
		{8FEBCE1A-CCDF-44AA-9B1B-87EFD311F35F}.Release|Mixed Platforms.ActiveCfg = Release|x86
		{8FEBCE1A-CCDF-44AA-9B1B-87EFD311F35F}.Release|Mixed Platforms.Build.0 = Release|x86
		{8FEBCE1A-CCDF-44AA-9B1B-87EFD311F35F}.Release|x86.ActiveCfg = Release|x86
		{8FEBCE1A-CCDF-44AA-9B1B-87EFD311F35F}.Release|x86.Build.0 = Release|x86
		{7258ABC1-7FA4-4369-B5D3-9DA7FAA974C5}.Debug|Any CPU.ActiveCfg = Debug|Any CPU
		{7258ABC1-7FA4-4369-B5D3-9DA7FAA974C5}.Debug|Any CPU.Build.0 = Debug|Any CPU
		{7258ABC1-7FA4-4369-B5D3-9DA7FAA974C5}.Debug|Mixed Platforms.ActiveCfg = Debug|Any CPU
		{7258ABC1-7FA4-4369-B5D3-9DA7FAA974C5}.Debug|Mixed Platforms.Build.0 = Debug|Any CPU
		{7258ABC1-7FA4-4369-B5D3-9DA7FAA974C5}.Debug|x86.ActiveCfg = Debug|Any CPU
		{7258ABC1-7FA4-4369-B5D3-9DA7FAA974C5}.Debug|x86.Build.0 = Debug|Any CPU
		{7258ABC1-7FA4-4369-B5D3-9DA7FAA974C5}.Release|Any CPU.ActiveCfg = Release|Any CPU
		{7258ABC1-7FA4-4369-B5D3-9DA7FAA974C5}.Release|Any CPU.Build.0 = Release|Any CPU
		{7258ABC1-7FA4-4369-B5D3-9DA7FAA974C5}.Release|Mixed Platforms.ActiveCfg = Release|Any CPU
		{7258ABC1-7FA4-4369-B5D3-9DA7FAA974C5}.Release|Mixed Platforms.Build.0 = Release|Any CPU
		{7258ABC1-7FA4-4369-B5D3-9DA7FAA974C5}.Release|x86.ActiveCfg = Release|Any CPU
		{7258ABC1-7FA4-4369-B5D3-9DA7FAA974C5}.Release|x86.Build.0 = Release|Any CPU
		{72E457B3-CC29-4B80-9103-EFCA78C2E309}.Debug|Any CPU.ActiveCfg = Debug|Any CPU
		{72E457B3-CC29-4B80-9103-EFCA78C2E309}.Debug|Any CPU.Build.0 = Debug|Any CPU
		{72E457B3-CC29-4B80-9103-EFCA78C2E309}.Debug|Mixed Platforms.ActiveCfg = Debug|Any CPU
		{72E457B3-CC29-4B80-9103-EFCA78C2E309}.Debug|Mixed Platforms.Build.0 = Debug|Any CPU
		{72E457B3-CC29-4B80-9103-EFCA78C2E309}.Debug|x86.ActiveCfg = Debug|Any CPU
		{72E457B3-CC29-4B80-9103-EFCA78C2E309}.Debug|x86.Build.0 = Debug|Any CPU
		{72E457B3-CC29-4B80-9103-EFCA78C2E309}.Release|Any CPU.ActiveCfg = Release|Any CPU
		{72E457B3-CC29-4B80-9103-EFCA78C2E309}.Release|Any CPU.Build.0 = Release|Any CPU
		{72E457B3-CC29-4B80-9103-EFCA78C2E309}.Release|Mixed Platforms.ActiveCfg = Release|Any CPU
		{72E457B3-CC29-4B80-9103-EFCA78C2E309}.Release|Mixed Platforms.Build.0 = Release|Any CPU
		{72E457B3-CC29-4B80-9103-EFCA78C2E309}.Release|x86.ActiveCfg = Release|Any CPU
		{72E457B3-CC29-4B80-9103-EFCA78C2E309}.Release|x86.Build.0 = Release|Any CPU
		{EA173391-EAA8-4F77-ADC9-3E8C2CAF4681}.Debug|Any CPU.ActiveCfg = Debug|Any CPU
		{EA173391-EAA8-4F77-ADC9-3E8C2CAF4681}.Debug|Any CPU.Build.0 = Debug|Any CPU
		{EA173391-EAA8-4F77-ADC9-3E8C2CAF4681}.Debug|Mixed Platforms.ActiveCfg = Debug|Any CPU
		{EA173391-EAA8-4F77-ADC9-3E8C2CAF4681}.Debug|Mixed Platforms.Build.0 = Debug|Any CPU
		{EA173391-EAA8-4F77-ADC9-3E8C2CAF4681}.Debug|x86.ActiveCfg = Debug|Any CPU
		{EA173391-EAA8-4F77-ADC9-3E8C2CAF4681}.Debug|x86.Build.0 = Debug|Any CPU
		{EA173391-EAA8-4F77-ADC9-3E8C2CAF4681}.Release|Any CPU.ActiveCfg = Release|Any CPU
		{EA173391-EAA8-4F77-ADC9-3E8C2CAF4681}.Release|Any CPU.Build.0 = Release|Any CPU
		{EA173391-EAA8-4F77-ADC9-3E8C2CAF4681}.Release|Mixed Platforms.ActiveCfg = Release|Any CPU
		{EA173391-EAA8-4F77-ADC9-3E8C2CAF4681}.Release|Mixed Platforms.Build.0 = Release|Any CPU
		{EA173391-EAA8-4F77-ADC9-3E8C2CAF4681}.Release|x86.ActiveCfg = Release|Any CPU
		{EA173391-EAA8-4F77-ADC9-3E8C2CAF4681}.Release|x86.Build.0 = Release|Any CPU
		{57B13F42-7FFD-4850-838C-767E5AC634B9}.Debug|Any CPU.ActiveCfg = Debug|Any CPU
		{57B13F42-7FFD-4850-838C-767E5AC634B9}.Debug|Any CPU.Build.0 = Debug|Any CPU
		{57B13F42-7FFD-4850-838C-767E5AC634B9}.Debug|Mixed Platforms.ActiveCfg = Debug|Any CPU
		{57B13F42-7FFD-4850-838C-767E5AC634B9}.Debug|Mixed Platforms.Build.0 = Debug|Any CPU
		{57B13F42-7FFD-4850-838C-767E5AC634B9}.Debug|x86.ActiveCfg = Debug|Any CPU
		{57B13F42-7FFD-4850-838C-767E5AC634B9}.Debug|x86.Build.0 = Debug|Any CPU
		{57B13F42-7FFD-4850-838C-767E5AC634B9}.Release|Any CPU.ActiveCfg = Release|Any CPU
		{57B13F42-7FFD-4850-838C-767E5AC634B9}.Release|Any CPU.Build.0 = Release|Any CPU
		{57B13F42-7FFD-4850-838C-767E5AC634B9}.Release|Mixed Platforms.ActiveCfg = Release|Any CPU
		{57B13F42-7FFD-4850-838C-767E5AC634B9}.Release|Mixed Platforms.Build.0 = Release|Any CPU
		{57B13F42-7FFD-4850-838C-767E5AC634B9}.Release|x86.ActiveCfg = Release|Any CPU
		{57B13F42-7FFD-4850-838C-767E5AC634B9}.Release|x86.Build.0 = Release|Any CPU
		{7F4A409F-ED34-45D8-98AF-E4659A7DFB0D}.Debug|Any CPU.ActiveCfg = Debug|Any CPU
		{7F4A409F-ED34-45D8-98AF-E4659A7DFB0D}.Debug|Any CPU.Build.0 = Debug|Any CPU
		{7F4A409F-ED34-45D8-98AF-E4659A7DFB0D}.Debug|Mixed Platforms.ActiveCfg = Debug|Any CPU
		{7F4A409F-ED34-45D8-98AF-E4659A7DFB0D}.Debug|Mixed Platforms.Build.0 = Debug|Any CPU
		{7F4A409F-ED34-45D8-98AF-E4659A7DFB0D}.Debug|x86.ActiveCfg = Debug|Any CPU
		{7F4A409F-ED34-45D8-98AF-E4659A7DFB0D}.Debug|x86.Build.0 = Debug|Any CPU
		{7F4A409F-ED34-45D8-98AF-E4659A7DFB0D}.Release|Any CPU.ActiveCfg = Release|Any CPU
		{7F4A409F-ED34-45D8-98AF-E4659A7DFB0D}.Release|Any CPU.Build.0 = Release|Any CPU
		{7F4A409F-ED34-45D8-98AF-E4659A7DFB0D}.Release|Mixed Platforms.ActiveCfg = Release|Any CPU
		{7F4A409F-ED34-45D8-98AF-E4659A7DFB0D}.Release|Mixed Platforms.Build.0 = Release|Any CPU
		{7F4A409F-ED34-45D8-98AF-E4659A7DFB0D}.Release|x86.ActiveCfg = Release|Any CPU
		{7F4A409F-ED34-45D8-98AF-E4659A7DFB0D}.Release|x86.Build.0 = Release|Any CPU
		{1567F284-E659-4C44-8D1B-4EF16B969C98}.Debug|Any CPU.ActiveCfg = Debug|Any CPU
		{1567F284-E659-4C44-8D1B-4EF16B969C98}.Debug|Any CPU.Build.0 = Debug|Any CPU
		{1567F284-E659-4C44-8D1B-4EF16B969C98}.Debug|Mixed Platforms.ActiveCfg = Debug|Any CPU
		{1567F284-E659-4C44-8D1B-4EF16B969C98}.Debug|Mixed Platforms.Build.0 = Debug|Any CPU
		{1567F284-E659-4C44-8D1B-4EF16B969C98}.Debug|x86.ActiveCfg = Debug|Any CPU
		{1567F284-E659-4C44-8D1B-4EF16B969C98}.Debug|x86.Build.0 = Debug|Any CPU
		{1567F284-E659-4C44-8D1B-4EF16B969C98}.Release|Any CPU.ActiveCfg = Release|Any CPU
		{1567F284-E659-4C44-8D1B-4EF16B969C98}.Release|Any CPU.Build.0 = Release|Any CPU
		{1567F284-E659-4C44-8D1B-4EF16B969C98}.Release|Mixed Platforms.ActiveCfg = Release|Any CPU
		{1567F284-E659-4C44-8D1B-4EF16B969C98}.Release|Mixed Platforms.Build.0 = Release|Any CPU
		{1567F284-E659-4C44-8D1B-4EF16B969C98}.Release|x86.ActiveCfg = Release|Any CPU
		{1567F284-E659-4C44-8D1B-4EF16B969C98}.Release|x86.Build.0 = Release|Any CPU
		{931F7452-C465-46F8-8DCC-F513D15D6B20}.Debug|Any CPU.ActiveCfg = Debug|Any CPU
		{931F7452-C465-46F8-8DCC-F513D15D6B20}.Debug|Any CPU.Build.0 = Debug|Any CPU
		{931F7452-C465-46F8-8DCC-F513D15D6B20}.Debug|Mixed Platforms.ActiveCfg = Debug|Any CPU
		{931F7452-C465-46F8-8DCC-F513D15D6B20}.Debug|Mixed Platforms.Build.0 = Debug|Any CPU
		{931F7452-C465-46F8-8DCC-F513D15D6B20}.Debug|x86.ActiveCfg = Debug|Any CPU
		{931F7452-C465-46F8-8DCC-F513D15D6B20}.Debug|x86.Build.0 = Debug|Any CPU
		{931F7452-C465-46F8-8DCC-F513D15D6B20}.Release|Any CPU.ActiveCfg = Release|Any CPU
		{931F7452-C465-46F8-8DCC-F513D15D6B20}.Release|Any CPU.Build.0 = Release|Any CPU
		{931F7452-C465-46F8-8DCC-F513D15D6B20}.Release|Mixed Platforms.ActiveCfg = Release|Any CPU
		{931F7452-C465-46F8-8DCC-F513D15D6B20}.Release|Mixed Platforms.Build.0 = Release|Any CPU
		{931F7452-C465-46F8-8DCC-F513D15D6B20}.Release|x86.ActiveCfg = Release|Any CPU
		{931F7452-C465-46F8-8DCC-F513D15D6B20}.Release|x86.Build.0 = Release|Any CPU
		{DFC200E8-B8E5-4215-99A5-D75EA7E0E3CF}.Debug|Any CPU.ActiveCfg = Debug|x86
		{DFC200E8-B8E5-4215-99A5-D75EA7E0E3CF}.Debug|Mixed Platforms.ActiveCfg = Debug|x86
		{DFC200E8-B8E5-4215-99A5-D75EA7E0E3CF}.Debug|Mixed Platforms.Build.0 = Debug|x86
		{DFC200E8-B8E5-4215-99A5-D75EA7E0E3CF}.Debug|x86.ActiveCfg = Debug|x86
		{DFC200E8-B8E5-4215-99A5-D75EA7E0E3CF}.Debug|x86.Build.0 = Debug|x86
		{DFC200E8-B8E5-4215-99A5-D75EA7E0E3CF}.Release|Any CPU.ActiveCfg = Release|x86
		{DFC200E8-B8E5-4215-99A5-D75EA7E0E3CF}.Release|Mixed Platforms.ActiveCfg = Release|x86
		{DFC200E8-B8E5-4215-99A5-D75EA7E0E3CF}.Release|Mixed Platforms.Build.0 = Release|x86
		{DFC200E8-B8E5-4215-99A5-D75EA7E0E3CF}.Release|x86.ActiveCfg = Release|x86
		{DFC200E8-B8E5-4215-99A5-D75EA7E0E3CF}.Release|x86.Build.0 = Release|x86
		{5A2A350E-0F50-472A-9824-F498D35F2F10}.Debug|Any CPU.ActiveCfg = Debug|Any CPU
		{5A2A350E-0F50-472A-9824-F498D35F2F10}.Debug|Any CPU.Build.0 = Debug|Any CPU
		{5A2A350E-0F50-472A-9824-F498D35F2F10}.Debug|Mixed Platforms.ActiveCfg = Debug|Any CPU
		{5A2A350E-0F50-472A-9824-F498D35F2F10}.Debug|Mixed Platforms.Build.0 = Debug|Any CPU
		{5A2A350E-0F50-472A-9824-F498D35F2F10}.Debug|x86.ActiveCfg = Debug|Any CPU
		{5A2A350E-0F50-472A-9824-F498D35F2F10}.Debug|x86.Build.0 = Debug|Any CPU
		{5A2A350E-0F50-472A-9824-F498D35F2F10}.Release|Any CPU.ActiveCfg = Release|Any CPU
		{5A2A350E-0F50-472A-9824-F498D35F2F10}.Release|Any CPU.Build.0 = Release|Any CPU
		{5A2A350E-0F50-472A-9824-F498D35F2F10}.Release|Mixed Platforms.ActiveCfg = Release|Any CPU
		{5A2A350E-0F50-472A-9824-F498D35F2F10}.Release|Mixed Platforms.Build.0 = Release|Any CPU
		{5A2A350E-0F50-472A-9824-F498D35F2F10}.Release|x86.ActiveCfg = Release|Any CPU
		{5A2A350E-0F50-472A-9824-F498D35F2F10}.Release|x86.Build.0 = Release|Any CPU
		{D6660ED8-2A22-4869-A22D-77D37668E8DB}.Debug|Any CPU.ActiveCfg = Debug|Any CPU
		{D6660ED8-2A22-4869-A22D-77D37668E8DB}.Debug|Any CPU.Build.0 = Debug|Any CPU
		{D6660ED8-2A22-4869-A22D-77D37668E8DB}.Debug|Mixed Platforms.ActiveCfg = Debug|Any CPU
		{D6660ED8-2A22-4869-A22D-77D37668E8DB}.Debug|Mixed Platforms.Build.0 = Debug|Any CPU
		{D6660ED8-2A22-4869-A22D-77D37668E8DB}.Debug|x86.ActiveCfg = Debug|Any CPU
		{D6660ED8-2A22-4869-A22D-77D37668E8DB}.Debug|x86.Build.0 = Debug|Any CPU
		{D6660ED8-2A22-4869-A22D-77D37668E8DB}.Release|Any CPU.ActiveCfg = Release|Any CPU
		{D6660ED8-2A22-4869-A22D-77D37668E8DB}.Release|Any CPU.Build.0 = Release|Any CPU
		{D6660ED8-2A22-4869-A22D-77D37668E8DB}.Release|Mixed Platforms.ActiveCfg = Release|Any CPU
		{D6660ED8-2A22-4869-A22D-77D37668E8DB}.Release|Mixed Platforms.Build.0 = Release|Any CPU
		{D6660ED8-2A22-4869-A22D-77D37668E8DB}.Release|x86.ActiveCfg = Release|Any CPU
		{D6660ED8-2A22-4869-A22D-77D37668E8DB}.Release|x86.Build.0 = Release|Any CPU
		{37343EA6-2BC5-4365-9401-B38B619B1E39}.Debug|Any CPU.ActiveCfg = Debug|Any CPU
		{37343EA6-2BC5-4365-9401-B38B619B1E39}.Debug|Any CPU.Build.0 = Debug|Any CPU
		{37343EA6-2BC5-4365-9401-B38B619B1E39}.Debug|Mixed Platforms.ActiveCfg = Debug|Any CPU
		{37343EA6-2BC5-4365-9401-B38B619B1E39}.Debug|Mixed Platforms.Build.0 = Debug|Any CPU
		{37343EA6-2BC5-4365-9401-B38B619B1E39}.Debug|x86.ActiveCfg = Debug|Any CPU
		{37343EA6-2BC5-4365-9401-B38B619B1E39}.Debug|x86.Build.0 = Debug|Any CPU
		{37343EA6-2BC5-4365-9401-B38B619B1E39}.Release|Any CPU.ActiveCfg = Release|Any CPU
		{37343EA6-2BC5-4365-9401-B38B619B1E39}.Release|Any CPU.Build.0 = Release|Any CPU
		{37343EA6-2BC5-4365-9401-B38B619B1E39}.Release|Mixed Platforms.ActiveCfg = Release|Any CPU
		{37343EA6-2BC5-4365-9401-B38B619B1E39}.Release|Mixed Platforms.Build.0 = Release|Any CPU
		{37343EA6-2BC5-4365-9401-B38B619B1E39}.Release|x86.ActiveCfg = Release|Any CPU
		{37343EA6-2BC5-4365-9401-B38B619B1E39}.Release|x86.Build.0 = Release|Any CPU
	EndGlobalSection
	GlobalSection(SolutionProperties) = preSolution
		HideSolutionNode = FALSE
	EndGlobalSection
	GlobalSection(NestedProjects) = preSolution
		{B639DD98-E933-4C42-8DEC-D8A03E89087B} = {EE8B7F1B-8105-42D3-8DB4-DFAB6725C86B}
		{EB8C9D41-F059-4D9D-B656-390C0931FB04} = {4C8C8B86-52B7-4DD3-AB07-6978CFEA4D40}
		{F213FDB0-2CE0-41E6-8680-050276412F38} = {4C8C8B86-52B7-4DD3-AB07-6978CFEA4D40}
		{4954B581-A0CA-43C7-B3FD-274B05148BEF} = {4C8C8B86-52B7-4DD3-AB07-6978CFEA4D40}
		{4A9608F9-7C07-4672-ACA5-D81672435F62} = {4C8C8B86-52B7-4DD3-AB07-6978CFEA4D40}
		{0F884F61-2BF6-4410-B6C0-A81F6E2B1E5A} = {4C8C8B86-52B7-4DD3-AB07-6978CFEA4D40}
		{5D8ECB2E-1739-47CD-8BEF-EFE3D3856563} = {154FED2B-7246-4835-A2A3-053CAB9D60BD}
		{BD3B9C3B-64F2-4046-B1A0-6C113B5E6025} = {154FED2B-7246-4835-A2A3-053CAB9D60BD}
		{B1C4C1BD-E65B-4F2D-B300-0A670E1F57C6} = {154FED2B-7246-4835-A2A3-053CAB9D60BD}
		{796175DC-C46A-47D7-9B3E-A80779B2330C} = {154FED2B-7246-4835-A2A3-053CAB9D60BD}
		{E1963453-DE64-423D-8821-5DA53E540A52} = {4C8C8B86-52B7-4DD3-AB07-6978CFEA4D40}
		{6903B6FB-C64B-47C1-807D-ABF526B1A9C3} = {4C8C8B86-52B7-4DD3-AB07-6978CFEA4D40}
		{41DF408B-15AF-41F1-B037-E691BC9A445B} = {11369314-F3C9-43E1-85A2-DD5110ABE874}
		{FC96B35D-FCA4-4973-9758-00C9C909629D} = {11369314-F3C9-43E1-85A2-DD5110ABE874}
		{5C13B6EB-7D22-4CFB-8095-D04BBE5DFF96} = {11369314-F3C9-43E1-85A2-DD5110ABE874}
		{BAECA76A-0A00-4006-ADC1-6658F34BD1CA} = {11369314-F3C9-43E1-85A2-DD5110ABE874}
		{3A0EBE0D-12C7-469C-BC73-A1AE2A9ED8DB} = {11369314-F3C9-43E1-85A2-DD5110ABE874}
		{1A9017B5-3EDF-4F80-88AC-1DAB673E51B4} = {11369314-F3C9-43E1-85A2-DD5110ABE874}
		{5482BBA2-303F-4A61-A2A7-6EF300461A54} = {4C8C8B86-52B7-4DD3-AB07-6978CFEA4D40}
		{B441437E-DD45-4969-973E-1B839A160845} = {7B8B1662-4CFA-4A4F-A5F2-64DA74E8EB89}
		{676649F7-9F89-4C2F-A34C-ED5D9889957E} = {154FED2B-7246-4835-A2A3-053CAB9D60BD}
		{47B0F2D0-2132-495A-BA36-8744B7E4D747} = {4C8C8B86-52B7-4DD3-AB07-6978CFEA4D40}
		{7A012DD6-8E70-480B-A842-658FD58BD39C} = {8FE37099-8CF1-4D49-975E-4F191765E32C}
		{5EBA40CB-468B-47B4-B118-611F9FE5E770} = {8FE37099-8CF1-4D49-975E-4F191765E32C}
		{C4884187-EB36-4850-8E6E-48D7BBECF964} = {8FE37099-8CF1-4D49-975E-4F191765E32C}
		{4B22AEA6-4505-44B4-87C7-D86A7EC3E6A6} = {8FE37099-8CF1-4D49-975E-4F191765E32C}
		{277365E5-D209-4E0F-A037-01E98A216966} = {8FE37099-8CF1-4D49-975E-4F191765E32C}
		{BEAC0B3B-FAD8-458B-8DC6-436A8132E43E} = {8FE37099-8CF1-4D49-975E-4F191765E32C}
		{2630EF1D-35BC-437C-AC43-1577EEB5E854} = {387A3F8F-0910-400E-9AB8-80D174B2E6DD}
		{5B666884-E9D0-470B-8309-9EFED7CBD326} = {387A3F8F-0910-400E-9AB8-80D174B2E6DD}
		{501C091E-9F75-49A7-B85E-1E77BE2B7BA6} = {387A3F8F-0910-400E-9AB8-80D174B2E6DD}
		{A54F9A7E-31FA-4D71-8F42-F561738DCBA0} = {387A3F8F-0910-400E-9AB8-80D174B2E6DD}
		{469CA357-BC7F-46AC-9900-7E5EF8564BE0} = {387A3F8F-0910-400E-9AB8-80D174B2E6DD}
		{C9CBDAD2-3685-498D-B4CF-EE0114F7A4D8} = {387A3F8F-0910-400E-9AB8-80D174B2E6DD}
		{FBC6EDB3-9A36-4E9D-9BEF-7498631CD479} = {3190AEFB-20C1-4CC8-BC71-4C3DAA92BE89}
		{078BF1FA-B920-4F06-876B-A18E79C5077E} = {7B8B1662-4CFA-4A4F-A5F2-64DA74E8EB89}
		{8FEBCE1A-CCDF-44AA-9B1B-87EFD311F35F} = {4C8C8B86-52B7-4DD3-AB07-6978CFEA4D40}
		{7258ABC1-7FA4-4369-B5D3-9DA7FAA974C5} = {7B8B1662-4CFA-4A4F-A5F2-64DA74E8EB89}
		{72E457B3-CC29-4B80-9103-EFCA78C2E309} = {7B8B1662-4CFA-4A4F-A5F2-64DA74E8EB89}
		{EA173391-EAA8-4F77-ADC9-3E8C2CAF4681} = {7B8B1662-4CFA-4A4F-A5F2-64DA74E8EB89}
		{57B13F42-7FFD-4850-838C-767E5AC634B9} = {7B8B1662-4CFA-4A4F-A5F2-64DA74E8EB89}
		{7F4A409F-ED34-45D8-98AF-E4659A7DFB0D} = {7B8B1662-4CFA-4A4F-A5F2-64DA74E8EB89}
		{1567F284-E659-4C44-8D1B-4EF16B969C98} = {7B8B1662-4CFA-4A4F-A5F2-64DA74E8EB89}
		{931F7452-C465-46F8-8DCC-F513D15D6B20} = {7B8B1662-4CFA-4A4F-A5F2-64DA74E8EB89}
		{DFC200E8-B8E5-4215-99A5-D75EA7E0E3CF} = {7B8B1662-4CFA-4A4F-A5F2-64DA74E8EB89}
		{5A2A350E-0F50-472A-9824-F498D35F2F10} = {7B8B1662-4CFA-4A4F-A5F2-64DA74E8EB89}
		{D6660ED8-2A22-4869-A22D-77D37668E8DB} = {836F1B6A-BB24-4E55-B992-817FD6A4B4A9}
		{37343EA6-2BC5-4365-9401-B38B619B1E39} = {27CB5A7D-0AF4-42E3-AB97-2AF3FE9A59F1}
	EndGlobalSection
	GlobalSection(ExtensibilityGlobals) = postSolution
		NAntAddinLastFileName = 
	EndGlobalSection
	GlobalSection(SubversionScc) = preSolution
		Svn-Managed = True
		Manager = AnkhSVN - Subversion Support for Visual Studio
	EndGlobalSection
EndGlobal
